// !$*UTF8*$!
{
	archiveVersion = 1;
	classes = {
	};
	objectVersion = 46;
	objects = {

/* Begin PBXBuildFile section */
		721F682218EF3B0B0019EFB9 /* Default-568h@2x.png in Resources */ = {isa = PBXBuildFile; fileRef = 721F682118EF3B0B0019EFB9 /* Default-568h@2x.png */; };
		721F682418EF3C260019EFB9 /* Default@2x.png in Resources */ = {isa = PBXBuildFile; fileRef = 721F682318EF3C260019EFB9 /* Default@2x.png */; };
		721F682A18EF405C0019EFB9 /* audl-120.png in Resources */ = {isa = PBXBuildFile; fileRef = 721F682918EF405C0019EFB9 /* audl-120.png */; };
		721F683618F2065F0019EFB9 /* AUDLDivisionScheduleTableViewController.m in Sources */ = {isa = PBXBuildFile; fileRef = 721F683418F2065F0019EFB9 /* AUDLDivisionScheduleTableViewController.m */; };
		721F683718F2065F0019EFB9 /* AUDLDivisionScheduleTableViewController.xib in Resources */ = {isa = PBXBuildFile; fileRef = 721F683518F2065F0019EFB9 /* AUDLDivisionScheduleTableViewController.xib */; };
		72255C1B18F61D52001E6937 /* AUDLScheduleTableViewCell.m in Sources */ = {isa = PBXBuildFile; fileRef = 72255C1918F61D52001E6937 /* AUDLScheduleTableViewCell.m */; };
		72255C1C18F61D52001E6937 /* AUDLScheduleTableViewCell.xib in Resources */ = {isa = PBXBuildFile; fileRef = 72255C1A18F61D52001E6937 /* AUDLScheduleTableViewCell.xib */; };
		72255C2118F6E8A3001E6937 /* AUDLDivStandingsTableViewController.m in Sources */ = {isa = PBXBuildFile; fileRef = 72255C1F18F6E8A3001E6937 /* AUDLDivStandingsTableViewController.m */; };
		72255C2218F6E8A3001E6937 /* AUDLDivStandingsTableViewController.xib in Resources */ = {isa = PBXBuildFile; fileRef = 72255C2018F6E8A3001E6937 /* AUDLDivStandingsTableViewController.xib */; };
		72255C2718F6EAB0001E6937 /* AUDLStandingsTableViewCell.m in Sources */ = {isa = PBXBuildFile; fileRef = 72255C2518F6EAB0001E6937 /* AUDLStandingsTableViewCell.m */; };
		72255C2818F6EAB0001E6937 /* AUDLStandingsTableViewCell.xib in Resources */ = {isa = PBXBuildFile; fileRef = 72255C2618F6EAB0001E6937 /* AUDLStandingsTableViewCell.xib */; };
		7249E15918F708E200C4012B /* AUDLIndivTeamTableViewController.m in Sources */ = {isa = PBXBuildFile; fileRef = 7249E15718F708E200C4012B /* AUDLIndivTeamTableViewController.m */; };
		727ABD7018D257C1005B9ACC /* Foundation.framework in Frameworks */ = {isa = PBXBuildFile; fileRef = 727ABD6F18D257C1005B9ACC /* Foundation.framework */; };
		727ABD7218D257C1005B9ACC /* CoreGraphics.framework in Frameworks */ = {isa = PBXBuildFile; fileRef = 727ABD7118D257C1005B9ACC /* CoreGraphics.framework */; };
		727ABD7418D257C1005B9ACC /* UIKit.framework in Frameworks */ = {isa = PBXBuildFile; fileRef = 727ABD7318D257C1005B9ACC /* UIKit.framework */; };
		727ABD7A18D257C1005B9ACC /* InfoPlist.strings in Resources */ = {isa = PBXBuildFile; fileRef = 727ABD7818D257C1005B9ACC /* InfoPlist.strings */; };
		727ABD7C18D257C1005B9ACC /* main.m in Sources */ = {isa = PBXBuildFile; fileRef = 727ABD7B18D257C1005B9ACC /* main.m */; };
		727ABD8018D257C1005B9ACC /* AUDLAppDelegate.m in Sources */ = {isa = PBXBuildFile; fileRef = 727ABD7F18D257C1005B9ACC /* AUDLAppDelegate.m */; };
		727ABD8618D257C1005B9ACC /* AUDLViewController.m in Sources */ = {isa = PBXBuildFile; fileRef = 727ABD8518D257C1005B9ACC /* AUDLViewController.m */; };
		727ABD8F18D257C1005B9ACC /* XCTest.framework in Frameworks */ = {isa = PBXBuildFile; fileRef = 727ABD8E18D257C1005B9ACC /* XCTest.framework */; };
		727ABD9018D257C1005B9ACC /* Foundation.framework in Frameworks */ = {isa = PBXBuildFile; fileRef = 727ABD6F18D257C1005B9ACC /* Foundation.framework */; };
		727ABD9118D257C1005B9ACC /* UIKit.framework in Frameworks */ = {isa = PBXBuildFile; fileRef = 727ABD7318D257C1005B9ACC /* UIKit.framework */; };
		727ABD9918D257C1005B9ACC /* InfoPlist.strings in Resources */ = {isa = PBXBuildFile; fileRef = 727ABD9718D257C1005B9ACC /* InfoPlist.strings */; };
		727ABDA618D257EC005B9ACC /* SWRevealViewController.m in Sources */ = {isa = PBXBuildFile; fileRef = 727ABDA518D257EC005B9ACC /* SWRevealViewController.m */; };
		727ABDAA18D25B59005B9ACC /* SidebarViewController.m in Sources */ = {isa = PBXBuildFile; fileRef = 727ABDA918D25B59005B9ACC /* SidebarViewController.m */; };
		727ABDAD18D25C7B005B9ACC /* AUDLMainViewController.m in Sources */ = {isa = PBXBuildFile; fileRef = 727ABDAC18D25C7B005B9ACC /* AUDLMainViewController.m */; };
		72C124FD190459B500BAEC46 /* AUDLTeamScheduleTableViewController.m in Sources */ = {isa = PBXBuildFile; fileRef = 72C124FB190459B500BAEC46 /* AUDLTeamScheduleTableViewController.m */; };
		72C124FE190459B500BAEC46 /* AUDLTeamScheduleTableViewController.xib in Resources */ = {isa = PBXBuildFile; fileRef = 72C124FC190459B500BAEC46 /* AUDLTeamScheduleTableViewController.xib */; };
		72C1250219045EA800BAEC46 /* AUDLTeamStatsTableViewController.m in Sources */ = {isa = PBXBuildFile; fileRef = 72C1250019045EA800BAEC46 /* AUDLTeamStatsTableViewController.m */; };
		72C1250319045EA800BAEC46 /* AUDLTeamStatsTableViewController.xib in Resources */ = {isa = PBXBuildFile; fileRef = 72C1250119045EA800BAEC46 /* AUDLTeamStatsTableViewController.xib */; };
		72C1250819046FF400BAEC46 /* AUDLTeamStatsTableViewCell.m in Sources */ = {isa = PBXBuildFile; fileRef = 72C1250619046FF400BAEC46 /* AUDLTeamStatsTableViewCell.m */; };
		72C1250919046FF400BAEC46 /* AUDLTeamStatsTableViewCell.xib in Resources */ = {isa = PBXBuildFile; fileRef = 72C1250719046FF400BAEC46 /* AUDLTeamStatsTableViewCell.xib */; };
		72C18E0818F2258800849056 /* Main.storyboard in Resources */ = {isa = PBXBuildFile; fileRef = 72C18E0718F2258800849056 /* Main.storyboard */; };
		72C7F1771901AC9900D7C49B /* AUDLRosterTableViewController.m in Sources */ = {isa = PBXBuildFile; fileRef = 72C7F1751901AC9900D7C49B /* AUDLRosterTableViewController.m */; };
		72C7F1781901AC9900D7C49B /* AUDLRosterTableViewController.xib in Resources */ = {isa = PBXBuildFile; fileRef = 72C7F1761901AC9900D7C49B /* AUDLRosterTableViewController.xib */; };
		72C7F17C1903125F00D7C49B /* AUDLScoresTableViewController.m in Sources */ = {isa = PBXBuildFile; fileRef = 72C7F17A1903125F00D7C49B /* AUDLScoresTableViewController.m */; };
		72C7F17D1903125F00D7C49B /* AUDLScoresTableViewController.xib in Resources */ = {isa = PBXBuildFile; fileRef = 72C7F17B1903125F00D7C49B /* AUDLScoresTableViewController.xib */; };
		72C7F1811903347200D7C49B /* AUDLTop5TableViewCell.xib in Resources */ = {isa = PBXBuildFile; fileRef = E96980DA19031D660060E5F2 /* AUDLTop5TableViewCell.xib */; };
		72E09EDC18F72B9900F7D802 /* AppTests.m in Sources */ = {isa = PBXBuildFile; fileRef = 72E09EDB18F72B9900F7D802 /* AppTests.m */; };
		72F4DAFD18DA0A8A00E571FC /* AUDLTeamsTableViewController.m in Sources */ = {isa = PBXBuildFile; fileRef = 72F4DAFB18DA0A8A00E571FC /* AUDLTeamsTableViewController.m */; };
		72F4DAFE18DA0A8A00E571FC /* AUDLTeamsTableViewController.xib in Resources */ = {isa = PBXBuildFile; fileRef = 72F4DAFC18DA0A8A00E571FC /* AUDLTeamsTableViewController.xib */; };
		72F4DB0618DB36C700E571FC /* AUDLNewsTableViewController.m in Sources */ = {isa = PBXBuildFile; fileRef = 72F4DB0418DB36C700E571FC /* AUDLNewsTableViewController.m */; };
		72F4DB0718DB36C700E571FC /* AUDLNewsTableViewController.xib in Resources */ = {isa = PBXBuildFile; fileRef = 72F4DB0518DB36C700E571FC /* AUDLNewsTableViewController.xib */; };
		72F4DB0B18DB5A3F00E571FC /* AUDLTableViewCell.m in Sources */ = {isa = PBXBuildFile; fileRef = 72F4DB0918DB5A3F00E571FC /* AUDLTableViewCell.m */; };
		72F4DB0C18DB5A3F00E571FC /* AUDLTableViewCell.xib in Resources */ = {isa = PBXBuildFile; fileRef = 72F4DB0A18DB5A3F00E571FC /* AUDLTableViewCell.xib */; };
		CD0528241A82EF7F00605673 /* Header_No_Type.png in Resources */ = {isa = PBXBuildFile; fileRef = CD0528231A82EF7F00605673 /* Header_No_Type.png */; };
		CD32C1571A6A36FC00E75E6B /* libCorePlot-CocoaTouch.a in Frameworks */ = {isa = PBXBuildFile; fileRef = CD32C1541A6A368500E75E6B /* libCorePlot-CocoaTouch.a */; };
		CD37741D1A70AFCD007FD6E9 /* audl-120.png in Resources */ = {isa = PBXBuildFile; fileRef = CD37741C1A70AFCC007FD6E9 /* audl-120.png */; };
		CD61BC6D1A856D3100405F62 /* AUDLGameTabView.m in Sources */ = {isa = PBXBuildFile; fileRef = CD61BC6C1A856D3100405F62 /* AUDLGameTabView.m */; };
		CD61BC711A857BFA00405F62 /* AUDLGameStatsView.m in Sources */ = {isa = PBXBuildFile; fileRef = CD61BC701A857BFA00405F62 /* AUDLGameStatsView.m */; };
		CD659C4D1A6F449600B5EDB9 /* AUDLNewsTableViewCell.m in Sources */ = {isa = PBXBuildFile; fileRef = CD659C4C1A6F449600B5EDB9 /* AUDLNewsTableViewCell.m */; };
		CD659C511A6F45ED00B5EDB9 /* AUDLNewsTableViewCell.xib in Resources */ = {isa = PBXBuildFile; fileRef = CD659C501A6F45ED00B5EDB9 /* AUDLNewsTableViewCell.xib */; };
		CD659C531A6F68C200B5EDB9 /* news_icon.png in Resources */ = {isa = PBXBuildFile; fileRef = CD659C521A6F68C200B5EDB9 /* news_icon.png */; };
		CD659C581A6F736D00B5EDB9 /* AUDLNewsWebViewController.m in Sources */ = {isa = PBXBuildFile; fileRef = CD659C571A6F736D00B5EDB9 /* AUDLNewsWebViewController.m */; };
		CD659C5F1A6F7BDE00B5EDB9 /* AUDLNewsWebView.xib in Resources */ = {isa = PBXBuildFile; fileRef = CD659C5E1A6F7BDE00B5EDB9 /* AUDLNewsWebView.xib */; };
		CD6FD18F1A806E31000D5406 /* downArrowBlack.png in Resources */ = {isa = PBXBuildFile; fileRef = CD6FD18C1A806E30000D5406 /* downArrowBlack.png */; };
		CD6FD1901A806E31000D5406 /* README.md in Sources */ = {isa = PBXBuildFile; fileRef = CD6FD18D1A806E31000D5406 /* README.md */; };
		CD6FD1911A806E31000D5406 /* upArrowBlack.png in Resources */ = {isa = PBXBuildFile; fileRef = CD6FD18E1A806E31000D5406 /* upArrowBlack.png */; };
		CD8C22C11A6B573C00A719F9 /* Accelerate.framework in Frameworks */ = {isa = PBXBuildFile; fileRef = CD8C22C01A6B573C00A719F9 /* Accelerate.framework */; };
		CD8C22C51A6B574200A719F9 /* QuartzCore.framework in Frameworks */ = {isa = PBXBuildFile; fileRef = CD8C22C41A6B574200A719F9 /* QuartzCore.framework */; };
		CD8FD7C71A6620AB00572CE6 /* Twitter_bird_logo.png in Resources */ = {isa = PBXBuildFile; fileRef = CD8FD7C61A6620AB00572CE6 /* Twitter_bird_logo.png */; };
		CD8FD8841A662E7C00572CE6 /* Launch Screen.xib in Resources */ = {isa = PBXBuildFile; fileRef = CD8FD8831A662E7C00572CE6 /* Launch Screen.xib */; };
		CD92BC481A73DF50007604B5 /* tb_background.png in Resources */ = {isa = PBXBuildFile; fileRef = CD92BC471A73DF50007604B5 /* tb_background.png */; };
		CD92BC4C1A73E6F8007604B5 /* Grey_Bar_Scoreboard.png in Resources */ = {isa = PBXBuildFile; fileRef = CD92BC4B1A73E6F7007604B5 /* Grey_Bar_Scoreboard.png */; };
		CD92BC651A75AE46007604B5 /* Roboto-Black.ttf in Resources */ = {isa = PBXBuildFile; fileRef = CD92BC531A75AE46007604B5 /* Roboto-Black.ttf */; };
		CD92BC661A75AE46007604B5 /* Roboto-BlackItalic.ttf in Resources */ = {isa = PBXBuildFile; fileRef = CD92BC541A75AE46007604B5 /* Roboto-BlackItalic.ttf */; };
		CD92BC671A75AE46007604B5 /* Roboto-Bold.ttf in Resources */ = {isa = PBXBuildFile; fileRef = CD92BC551A75AE46007604B5 /* Roboto-Bold.ttf */; };
		CD92BC681A75AE46007604B5 /* Roboto-BoldItalic.ttf in Resources */ = {isa = PBXBuildFile; fileRef = CD92BC561A75AE46007604B5 /* Roboto-BoldItalic.ttf */; };
		CD92BC691A75AE46007604B5 /* Roboto-Italic.ttf in Resources */ = {isa = PBXBuildFile; fileRef = CD92BC571A75AE46007604B5 /* Roboto-Italic.ttf */; };
		CD92BC6A1A75AE46007604B5 /* Roboto-Light.ttf in Resources */ = {isa = PBXBuildFile; fileRef = CD92BC581A75AE46007604B5 /* Roboto-Light.ttf */; };
		CD92BC6B1A75AE46007604B5 /* Roboto-LightItalic.ttf in Resources */ = {isa = PBXBuildFile; fileRef = CD92BC591A75AE46007604B5 /* Roboto-LightItalic.ttf */; };
		CD92BC6C1A75AE46007604B5 /* Roboto-Medium.ttf in Resources */ = {isa = PBXBuildFile; fileRef = CD92BC5A1A75AE46007604B5 /* Roboto-Medium.ttf */; };
		CD92BC6D1A75AE46007604B5 /* Roboto-MediumItalic.ttf in Resources */ = {isa = PBXBuildFile; fileRef = CD92BC5B1A75AE46007604B5 /* Roboto-MediumItalic.ttf */; };
		CD92BC6E1A75AE46007604B5 /* Roboto-Regular.ttf in Resources */ = {isa = PBXBuildFile; fileRef = CD92BC5C1A75AE46007604B5 /* Roboto-Regular.ttf */; };
		CD92BC6F1A75AE46007604B5 /* Roboto-Thin.ttf in Resources */ = {isa = PBXBuildFile; fileRef = CD92BC5D1A75AE46007604B5 /* Roboto-Thin.ttf */; };
		CD92BC701A75AE46007604B5 /* Roboto-ThinItalic.ttf in Resources */ = {isa = PBXBuildFile; fileRef = CD92BC5E1A75AE46007604B5 /* Roboto-ThinItalic.ttf */; };
		CD92BC711A75AE46007604B5 /* RobotoCondensed-Bold.ttf in Resources */ = {isa = PBXBuildFile; fileRef = CD92BC5F1A75AE46007604B5 /* RobotoCondensed-Bold.ttf */; };
		CD92BC721A75AE46007604B5 /* RobotoCondensed-BoldItalic.ttf in Resources */ = {isa = PBXBuildFile; fileRef = CD92BC601A75AE46007604B5 /* RobotoCondensed-BoldItalic.ttf */; };
		CD92BC731A75AE46007604B5 /* RobotoCondensed-Italic.ttf in Resources */ = {isa = PBXBuildFile; fileRef = CD92BC611A75AE46007604B5 /* RobotoCondensed-Italic.ttf */; };
		CD92BC741A75AE46007604B5 /* RobotoCondensed-Light.ttf in Resources */ = {isa = PBXBuildFile; fileRef = CD92BC621A75AE46007604B5 /* RobotoCondensed-Light.ttf */; };
		CD92BC751A75AE46007604B5 /* RobotoCondensed-LightItalic.ttf in Resources */ = {isa = PBXBuildFile; fileRef = CD92BC631A75AE46007604B5 /* RobotoCondensed-LightItalic.ttf */; };
		CD92BC761A75AE46007604B5 /* RobotoCondensed-Regular.ttf in Resources */ = {isa = PBXBuildFile; fileRef = CD92BC641A75AE46007604B5 /* RobotoCondensed-Regular.ttf */; };
		CD92BC7A1A75B0CE007604B5 /* AUDLScoreTableViewCell.m in Sources */ = {isa = PBXBuildFile; fileRef = CD92BC791A75B0CE007604B5 /* AUDLScoreTableViewCell.m */; };
		CD92BC7C1A75B0E8007604B5 /* AUDLScoreTableViewCell.xib in Resources */ = {isa = PBXBuildFile; fileRef = CD92BC7B1A75B0E8007604B5 /* AUDLScoreTableViewCell.xib */; };
		CD92BC801A75B203007604B5 /* AUDLDivisionScoreTableViewController.m in Sources */ = {isa = PBXBuildFile; fileRef = CD92BC7F1A75B203007604B5 /* AUDLDivisionScoreTableViewController.m */; };
		CD92BC841A79FFBE007604B5 /* Blue_Bar.png in Resources */ = {isa = PBXBuildFile; fileRef = CD92BC831A79FFBD007604B5 /* Blue_Bar.png */; };
		CDF89A881A68073B00382B6D /* AUDLGameGraphViewController.m in Sources */ = {isa = PBXBuildFile; fileRef = CDF89A871A68073B00382B6D /* AUDLGameGraphViewController.m */; };
		CDF89A8A1A68074E00382B6D /* AUDLGameGraphView.xib in Resources */ = {isa = PBXBuildFile; fileRef = CDF89A891A68074E00382B6D /* AUDLGameGraphView.xib */; };
		E90995F618DCAA7C003A07FD /* AUDLSettingsTableViewController.m in Sources */ = {isa = PBXBuildFile; fileRef = E90995F518DCAA7C003A07FD /* AUDLSettingsTableViewController.m */; };
		E967BBEE18F06EBB001BE229 /* Accounts.framework in Frameworks */ = {isa = PBXBuildFile; fileRef = E967BBED18F06EBB001BE229 /* Accounts.framework */; };
		E96980DB19031D660060E5F2 /* AUDLTop5TableViewCell.m in Sources */ = {isa = PBXBuildFile; fileRef = E96980D919031D660060E5F2 /* AUDLTop5TableViewCell.m */; };
		E99C294219057CA800B05EDC /* AUDLTermsOfUseViewController.m in Sources */ = {isa = PBXBuildFile; fileRef = E99C294119057CA800B05EDC /* AUDLTermsOfUseViewController.m */; };
		E99C29461905810C00B05EDC /* AUDLUCViewController.m in Sources */ = {isa = PBXBuildFile; fileRef = E99C29451905810C00B05EDC /* AUDLUCViewController.m */; };
		E9A421B119049F9800F26D69 /* AUDLFAQViewController.m in Sources */ = {isa = PBXBuildFile; fileRef = E9A421B019049F9800F26D69 /* AUDLFAQViewController.m */; };
		E9D674BE18DE019100712370 /* AUDLVideoViewController.m in Sources */ = {isa = PBXBuildFile; fileRef = E9D674BC18DE019100712370 /* AUDLVideoViewController.m */; };
		E9D674BF18DE019100712370 /* AUDLVideoViewController.xib in Resources */ = {isa = PBXBuildFile; fileRef = E9D674BD18DE019100712370 /* AUDLVideoViewController.xib */; };
		E9D674C518DE01D700712370 /* AUDLStatsViewController.m in Sources */ = {isa = PBXBuildFile; fileRef = E9D674C318DE01D700712370 /* AUDLStatsViewController.m */; };
		E9D674C618DE01D700712370 /* AUDLStatsViewController.xib in Resources */ = {isa = PBXBuildFile; fileRef = E9D674C418DE01D700712370 /* AUDLStatsViewController.xib */; };
		E9D674CB18DE01FF00712370 /* AUDLScheduleViewController.m in Sources */ = {isa = PBXBuildFile; fileRef = E9D674C918DE01FF00712370 /* AUDLScheduleViewController.m */; };
		E9D674CC18DE01FF00712370 /* AUDLScheduleViewController.xib in Resources */ = {isa = PBXBuildFile; fileRef = E9D674CA18DE01FF00712370 /* AUDLScheduleViewController.xib */; };
		E9D674D118DE022B00712370 /* AUDLNowViewController.m in Sources */ = {isa = PBXBuildFile; fileRef = E9D674CF18DE022B00712370 /* AUDLNowViewController.m */; };
		E9D674D218DE022B00712370 /* AUDLNowViewController.xib in Resources */ = {isa = PBXBuildFile; fileRef = E9D674D018DE022B00712370 /* AUDLNowViewController.xib */; };
		E9D674D718DE025C00712370 /* AUDLStandingsViewController.m in Sources */ = {isa = PBXBuildFile; fileRef = E9D674D518DE025C00712370 /* AUDLStandingsViewController.m */; };
		E9D674D818DE025C00712370 /* AUDLStandingsViewController.xib in Resources */ = {isa = PBXBuildFile; fileRef = E9D674D618DE025C00712370 /* AUDLStandingsViewController.xib */; };
/* End PBXBuildFile section */

/* Begin PBXContainerItemProxy section */
		727ABD9218D257C1005B9ACC /* PBXContainerItemProxy */ = {
			isa = PBXContainerItemProxy;
			containerPortal = 727ABD6418D257C1005B9ACC /* Project object */;
			proxyType = 1;
			remoteGlobalIDString = 727ABD6B18D257C1005B9ACC;
			remoteInfo = App;
		};
		CD32C1531A6A368500E75E6B /* PBXContainerItemProxy */ = {
			isa = PBXContainerItemProxy;
			containerPortal = CD32C14D1A6A368500E75E6B /* CorePlot-CocoaTouch.xcodeproj */;
			proxyType = 2;
			remoteGlobalIDString = BC9B83470FB8A0A40035D8DA;
			remoteInfo = "CorePlot-CocoaTouch";
		};
		CD32C1551A6A36B000E75E6B /* PBXContainerItemProxy */ = {
			isa = PBXContainerItemProxy;
			containerPortal = CD32C14D1A6A368500E75E6B /* CorePlot-CocoaTouch.xcodeproj */;
			proxyType = 1;
			remoteGlobalIDString = BC9B83460FB8A0A40035D8DA;
			remoteInfo = "CorePlot-CocoaTouch";
		};
/* End PBXContainerItemProxy section */

/* Begin PBXFileReference section */
		721F682118EF3B0B0019EFB9 /* Default-568h@2x.png */ = {isa = PBXFileReference; lastKnownFileType = image.png; path = "Default-568h@2x.png"; sourceTree = "<group>"; };
		721F682318EF3C260019EFB9 /* Default@2x.png */ = {isa = PBXFileReference; lastKnownFileType = image.png; path = "Default@2x.png"; sourceTree = "<group>"; };
		721F682918EF405C0019EFB9 /* audl-120.png */ = {isa = PBXFileReference; lastKnownFileType = image.png; path = "audl-120.png"; sourceTree = "<group>"; };
		721F683318F2065F0019EFB9 /* AUDLDivisionScheduleTableViewController.h */ = {isa = PBXFileReference; fileEncoding = 4; lastKnownFileType = sourcecode.c.h; path = AUDLDivisionScheduleTableViewController.h; sourceTree = "<group>"; };
		721F683418F2065F0019EFB9 /* AUDLDivisionScheduleTableViewController.m */ = {isa = PBXFileReference; fileEncoding = 4; lastKnownFileType = sourcecode.c.objc; path = AUDLDivisionScheduleTableViewController.m; sourceTree = "<group>"; };
		721F683518F2065F0019EFB9 /* AUDLDivisionScheduleTableViewController.xib */ = {isa = PBXFileReference; fileEncoding = 4; lastKnownFileType = file.xib; path = AUDLDivisionScheduleTableViewController.xib; sourceTree = "<group>"; };
		72255C1818F61D52001E6937 /* AUDLScheduleTableViewCell.h */ = {isa = PBXFileReference; fileEncoding = 4; lastKnownFileType = sourcecode.c.h; path = AUDLScheduleTableViewCell.h; sourceTree = "<group>"; };
		72255C1918F61D52001E6937 /* AUDLScheduleTableViewCell.m */ = {isa = PBXFileReference; fileEncoding = 4; lastKnownFileType = sourcecode.c.objc; path = AUDLScheduleTableViewCell.m; sourceTree = "<group>"; };
		72255C1A18F61D52001E6937 /* AUDLScheduleTableViewCell.xib */ = {isa = PBXFileReference; fileEncoding = 4; lastKnownFileType = file.xib; path = AUDLScheduleTableViewCell.xib; sourceTree = "<group>"; };
		72255C1E18F6E8A3001E6937 /* AUDLDivStandingsTableViewController.h */ = {isa = PBXFileReference; fileEncoding = 4; lastKnownFileType = sourcecode.c.h; path = AUDLDivStandingsTableViewController.h; sourceTree = "<group>"; };
		72255C1F18F6E8A3001E6937 /* AUDLDivStandingsTableViewController.m */ = {isa = PBXFileReference; fileEncoding = 4; lastKnownFileType = sourcecode.c.objc; path = AUDLDivStandingsTableViewController.m; sourceTree = "<group>"; };
		72255C2018F6E8A3001E6937 /* AUDLDivStandingsTableViewController.xib */ = {isa = PBXFileReference; fileEncoding = 4; lastKnownFileType = file.xib; path = AUDLDivStandingsTableViewController.xib; sourceTree = "<group>"; };
		72255C2418F6EAB0001E6937 /* AUDLStandingsTableViewCell.h */ = {isa = PBXFileReference; fileEncoding = 4; lastKnownFileType = sourcecode.c.h; path = AUDLStandingsTableViewCell.h; sourceTree = "<group>"; };
		72255C2518F6EAB0001E6937 /* AUDLStandingsTableViewCell.m */ = {isa = PBXFileReference; fileEncoding = 4; lastKnownFileType = sourcecode.c.objc; path = AUDLStandingsTableViewCell.m; sourceTree = "<group>"; };
		72255C2618F6EAB0001E6937 /* AUDLStandingsTableViewCell.xib */ = {isa = PBXFileReference; fileEncoding = 4; lastKnownFileType = file.xib; path = AUDLStandingsTableViewCell.xib; sourceTree = "<group>"; };
		7249E15618F708E200C4012B /* AUDLIndivTeamTableViewController.h */ = {isa = PBXFileReference; fileEncoding = 4; lastKnownFileType = sourcecode.c.h; path = AUDLIndivTeamTableViewController.h; sourceTree = "<group>"; };
		7249E15718F708E200C4012B /* AUDLIndivTeamTableViewController.m */ = {isa = PBXFileReference; fileEncoding = 4; lastKnownFileType = sourcecode.c.objc; path = AUDLIndivTeamTableViewController.m; sourceTree = "<group>"; };
		727ABD6C18D257C1005B9ACC /* AUDL.app */ = {isa = PBXFileReference; explicitFileType = wrapper.application; includeInIndex = 0; path = AUDL.app; sourceTree = BUILT_PRODUCTS_DIR; };
		727ABD6F18D257C1005B9ACC /* Foundation.framework */ = {isa = PBXFileReference; lastKnownFileType = wrapper.framework; name = Foundation.framework; path = System/Library/Frameworks/Foundation.framework; sourceTree = SDKROOT; };
		727ABD7118D257C1005B9ACC /* CoreGraphics.framework */ = {isa = PBXFileReference; lastKnownFileType = wrapper.framework; name = CoreGraphics.framework; path = System/Library/Frameworks/CoreGraphics.framework; sourceTree = SDKROOT; };
		727ABD7318D257C1005B9ACC /* UIKit.framework */ = {isa = PBXFileReference; lastKnownFileType = wrapper.framework; name = UIKit.framework; path = System/Library/Frameworks/UIKit.framework; sourceTree = SDKROOT; };
		727ABD7718D257C1005B9ACC /* AUDL-Info.plist */ = {isa = PBXFileReference; lastKnownFileType = text.plist.xml; path = "AUDL-Info.plist"; sourceTree = "<group>"; };
		727ABD7918D257C1005B9ACC /* en */ = {isa = PBXFileReference; lastKnownFileType = text.plist.strings; name = en; path = en.lproj/InfoPlist.strings; sourceTree = "<group>"; };
		727ABD7B18D257C1005B9ACC /* main.m */ = {isa = PBXFileReference; lastKnownFileType = sourcecode.c.objc; path = main.m; sourceTree = "<group>"; };
		727ABD7D18D257C1005B9ACC /* AUDL-Prefix.pch */ = {isa = PBXFileReference; lastKnownFileType = sourcecode.c.h; path = "AUDL-Prefix.pch"; sourceTree = "<group>"; };
		727ABD7E18D257C1005B9ACC /* AUDLAppDelegate.h */ = {isa = PBXFileReference; lastKnownFileType = sourcecode.c.h; path = AUDLAppDelegate.h; sourceTree = "<group>"; };
		727ABD7F18D257C1005B9ACC /* AUDLAppDelegate.m */ = {isa = PBXFileReference; lastKnownFileType = sourcecode.c.objc; path = AUDLAppDelegate.m; sourceTree = "<group>"; };
		727ABD8418D257C1005B9ACC /* AUDLViewController.h */ = {isa = PBXFileReference; lastKnownFileType = sourcecode.c.h; path = AUDLViewController.h; sourceTree = "<group>"; };
		727ABD8518D257C1005B9ACC /* AUDLViewController.m */ = {isa = PBXFileReference; lastKnownFileType = sourcecode.c.objc; path = AUDLViewController.m; sourceTree = "<group>"; };
		727ABD8D18D257C1005B9ACC /* AUDLTests.xctest */ = {isa = PBXFileReference; explicitFileType = wrapper.cfbundle; includeInIndex = 0; path = AUDLTests.xctest; sourceTree = BUILT_PRODUCTS_DIR; };
		727ABD8E18D257C1005B9ACC /* XCTest.framework */ = {isa = PBXFileReference; lastKnownFileType = wrapper.framework; name = XCTest.framework; path = Library/Frameworks/XCTest.framework; sourceTree = DEVELOPER_DIR; };
		727ABD9618D257C1005B9ACC /* AUDLTests-Info.plist */ = {isa = PBXFileReference; lastKnownFileType = text.plist.xml; path = "AUDLTests-Info.plist"; sourceTree = "<group>"; };
		727ABD9818D257C1005B9ACC /* en */ = {isa = PBXFileReference; lastKnownFileType = text.plist.strings; name = en; path = en.lproj/InfoPlist.strings; sourceTree = "<group>"; };
		727ABDA418D257EC005B9ACC /* SWRevealViewController.h */ = {isa = PBXFileReference; fileEncoding = 4; lastKnownFileType = sourcecode.c.h; path = SWRevealViewController.h; sourceTree = "<group>"; };
		727ABDA518D257EC005B9ACC /* SWRevealViewController.m */ = {isa = PBXFileReference; fileEncoding = 4; lastKnownFileType = sourcecode.c.objc; path = SWRevealViewController.m; sourceTree = "<group>"; };
		727ABDA818D25B59005B9ACC /* SidebarViewController.h */ = {isa = PBXFileReference; fileEncoding = 4; lastKnownFileType = sourcecode.c.h; path = SidebarViewController.h; sourceTree = "<group>"; };
		727ABDA918D25B59005B9ACC /* SidebarViewController.m */ = {isa = PBXFileReference; fileEncoding = 4; lastKnownFileType = sourcecode.c.objc; path = SidebarViewController.m; sourceTree = "<group>"; };
		727ABDAB18D25C7B005B9ACC /* AUDLMainViewController.h */ = {isa = PBXFileReference; fileEncoding = 4; lastKnownFileType = sourcecode.c.h; path = AUDLMainViewController.h; sourceTree = "<group>"; };
		727ABDAC18D25C7B005B9ACC /* AUDLMainViewController.m */ = {isa = PBXFileReference; fileEncoding = 4; lastKnownFileType = sourcecode.c.objc; path = AUDLMainViewController.m; sourceTree = "<group>"; };
		72C124F71904585C00BAEC46 /* TeamViewController.h */ = {isa = PBXFileReference; fileEncoding = 4; lastKnownFileType = sourcecode.c.h; name = TeamViewController.h; path = App/TeamViewController.h; sourceTree = "<group>"; };
		72C124F81904585C00BAEC46 /* TeamViewController.m */ = {isa = PBXFileReference; fileEncoding = 4; lastKnownFileType = sourcecode.c.objc; name = TeamViewController.m; path = App/TeamViewController.m; sourceTree = "<group>"; };
		72C124FA190459B500BAEC46 /* AUDLTeamScheduleTableViewController.h */ = {isa = PBXFileReference; fileEncoding = 4; lastKnownFileType = sourcecode.c.h; path = AUDLTeamScheduleTableViewController.h; sourceTree = "<group>"; };
		72C124FB190459B500BAEC46 /* AUDLTeamScheduleTableViewController.m */ = {isa = PBXFileReference; fileEncoding = 4; lastKnownFileType = sourcecode.c.objc; path = AUDLTeamScheduleTableViewController.m; sourceTree = "<group>"; };
		72C124FC190459B500BAEC46 /* AUDLTeamScheduleTableViewController.xib */ = {isa = PBXFileReference; fileEncoding = 4; lastKnownFileType = file.xib; path = AUDLTeamScheduleTableViewController.xib; sourceTree = "<group>"; };
		72C124FF19045EA800BAEC46 /* AUDLTeamStatsTableViewController.h */ = {isa = PBXFileReference; fileEncoding = 4; lastKnownFileType = sourcecode.c.h; path = AUDLTeamStatsTableViewController.h; sourceTree = "<group>"; };
		72C1250019045EA800BAEC46 /* AUDLTeamStatsTableViewController.m */ = {isa = PBXFileReference; fileEncoding = 4; lastKnownFileType = sourcecode.c.objc; path = AUDLTeamStatsTableViewController.m; sourceTree = "<group>"; };
		72C1250119045EA800BAEC46 /* AUDLTeamStatsTableViewController.xib */ = {isa = PBXFileReference; fileEncoding = 4; lastKnownFileType = file.xib; path = AUDLTeamStatsTableViewController.xib; sourceTree = "<group>"; };
		72C1250519046FF400BAEC46 /* AUDLTeamStatsTableViewCell.h */ = {isa = PBXFileReference; fileEncoding = 4; lastKnownFileType = sourcecode.c.h; path = AUDLTeamStatsTableViewCell.h; sourceTree = "<group>"; };
		72C1250619046FF400BAEC46 /* AUDLTeamStatsTableViewCell.m */ = {isa = PBXFileReference; fileEncoding = 4; lastKnownFileType = sourcecode.c.objc; path = AUDLTeamStatsTableViewCell.m; sourceTree = "<group>"; };
		72C1250719046FF400BAEC46 /* AUDLTeamStatsTableViewCell.xib */ = {isa = PBXFileReference; fileEncoding = 4; lastKnownFileType = file.xib; path = AUDLTeamStatsTableViewCell.xib; sourceTree = "<group>"; };
		72C18E0718F2258800849056 /* Main.storyboard */ = {isa = PBXFileReference; fileEncoding = 4; lastKnownFileType = file.storyboard; path = Main.storyboard; sourceTree = "<group>"; };
		72C7F1741901AC9900D7C49B /* AUDLRosterTableViewController.h */ = {isa = PBXFileReference; fileEncoding = 4; lastKnownFileType = sourcecode.c.h; path = AUDLRosterTableViewController.h; sourceTree = "<group>"; };
		72C7F1751901AC9900D7C49B /* AUDLRosterTableViewController.m */ = {isa = PBXFileReference; fileEncoding = 4; lastKnownFileType = sourcecode.c.objc; path = AUDLRosterTableViewController.m; sourceTree = "<group>"; };
		72C7F1761901AC9900D7C49B /* AUDLRosterTableViewController.xib */ = {isa = PBXFileReference; fileEncoding = 4; lastKnownFileType = file.xib; path = AUDLRosterTableViewController.xib; sourceTree = "<group>"; };
		72C7F1791903125F00D7C49B /* AUDLScoresTableViewController.h */ = {isa = PBXFileReference; fileEncoding = 4; lastKnownFileType = sourcecode.c.h; path = AUDLScoresTableViewController.h; sourceTree = "<group>"; };
		72C7F17A1903125F00D7C49B /* AUDLScoresTableViewController.m */ = {isa = PBXFileReference; fileEncoding = 4; lastKnownFileType = sourcecode.c.objc; path = AUDLScoresTableViewController.m; sourceTree = "<group>"; };
		72C7F17B1903125F00D7C49B /* AUDLScoresTableViewController.xib */ = {isa = PBXFileReference; fileEncoding = 4; lastKnownFileType = file.xib; path = AUDLScoresTableViewController.xib; sourceTree = "<group>"; };
		72E09EDB18F72B9900F7D802 /* AppTests.m */ = {isa = PBXFileReference; fileEncoding = 4; lastKnownFileType = sourcecode.c.objc; path = AppTests.m; sourceTree = SOURCE_ROOT; };
		72F4DAFA18DA0A8A00E571FC /* AUDLTeamsTableViewController.h */ = {isa = PBXFileReference; fileEncoding = 4; lastKnownFileType = sourcecode.c.h; path = AUDLTeamsTableViewController.h; sourceTree = "<group>"; };
		72F4DAFB18DA0A8A00E571FC /* AUDLTeamsTableViewController.m */ = {isa = PBXFileReference; fileEncoding = 4; lastKnownFileType = sourcecode.c.objc; path = AUDLTeamsTableViewController.m; sourceTree = "<group>"; };
		72F4DAFC18DA0A8A00E571FC /* AUDLTeamsTableViewController.xib */ = {isa = PBXFileReference; fileEncoding = 4; lastKnownFileType = file.xib; path = AUDLTeamsTableViewController.xib; sourceTree = "<group>"; };
		72F4DB0318DB36C700E571FC /* AUDLNewsTableViewController.h */ = {isa = PBXFileReference; fileEncoding = 4; lastKnownFileType = sourcecode.c.h; path = AUDLNewsTableViewController.h; sourceTree = "<group>"; };
		72F4DB0418DB36C700E571FC /* AUDLNewsTableViewController.m */ = {isa = PBXFileReference; fileEncoding = 4; lastKnownFileType = sourcecode.c.objc; path = AUDLNewsTableViewController.m; sourceTree = "<group>"; };
		72F4DB0518DB36C700E571FC /* AUDLNewsTableViewController.xib */ = {isa = PBXFileReference; fileEncoding = 4; lastKnownFileType = file.xib; path = AUDLNewsTableViewController.xib; sourceTree = "<group>"; };
		72F4DB0818DB5A3F00E571FC /* AUDLTableViewCell.h */ = {isa = PBXFileReference; fileEncoding = 4; lastKnownFileType = sourcecode.c.h; path = AUDLTableViewCell.h; sourceTree = "<group>"; };
		72F4DB0918DB5A3F00E571FC /* AUDLTableViewCell.m */ = {isa = PBXFileReference; fileEncoding = 4; lastKnownFileType = sourcecode.c.objc; path = AUDLTableViewCell.m; sourceTree = "<group>"; };
		72F4DB0A18DB5A3F00E571FC /* AUDLTableViewCell.xib */ = {isa = PBXFileReference; fileEncoding = 4; lastKnownFileType = file.xib; path = AUDLTableViewCell.xib; sourceTree = "<group>"; };
		CD0528231A82EF7F00605673 /* Header_No_Type.png */ = {isa = PBXFileReference; lastKnownFileType = image.png; path = Header_No_Type.png; sourceTree = "<group>"; };
		CD32C14D1A6A368500E75E6B /* CorePlot-CocoaTouch.xcodeproj */ = {isa = PBXFileReference; lastKnownFileType = "wrapper.pb-project"; name = "CorePlot-CocoaTouch.xcodeproj"; path = "../core-plot/framework/CorePlot-CocoaTouch.xcodeproj"; sourceTree = "<group>"; };
		CD37741C1A70AFCC007FD6E9 /* audl-120.png */ = {isa = PBXFileReference; lastKnownFileType = image.png; path = "audl-120.png"; sourceTree = "<group>"; };
		CD61BC6B1A856CF000405F62 /* AUDLGameTabView.h */ = {isa = PBXFileReference; lastKnownFileType = sourcecode.c.h; path = AUDLGameTabView.h; sourceTree = "<group>"; };
		CD61BC6C1A856D3100405F62 /* AUDLGameTabView.m */ = {isa = PBXFileReference; fileEncoding = 4; lastKnownFileType = sourcecode.c.objc; path = AUDLGameTabView.m; sourceTree = "<group>"; };
		CD61BC6F1A857BCF00405F62 /* AUDLGameStatsView.h */ = {isa = PBXFileReference; lastKnownFileType = sourcecode.c.h; path = AUDLGameStatsView.h; sourceTree = "<group>"; };
		CD61BC701A857BFA00405F62 /* AUDLGameStatsView.m */ = {isa = PBXFileReference; fileEncoding = 4; lastKnownFileType = sourcecode.c.objc; path = AUDLGameStatsView.m; sourceTree = "<group>"; };
		CD659C4B1A6F447900B5EDB9 /* AUDLNewsTableViewCell.h */ = {isa = PBXFileReference; lastKnownFileType = sourcecode.c.h; path = AUDLNewsTableViewCell.h; sourceTree = "<group>"; };
		CD659C4C1A6F449600B5EDB9 /* AUDLNewsTableViewCell.m */ = {isa = PBXFileReference; fileEncoding = 4; lastKnownFileType = sourcecode.c.objc; path = AUDLNewsTableViewCell.m; sourceTree = "<group>"; };
		CD659C501A6F45ED00B5EDB9 /* AUDLNewsTableViewCell.xib */ = {isa = PBXFileReference; fileEncoding = 4; lastKnownFileType = file.xib; path = AUDLNewsTableViewCell.xib; sourceTree = "<group>"; };
		CD659C521A6F68C200B5EDB9 /* news_icon.png */ = {isa = PBXFileReference; lastKnownFileType = image.png; name = news_icon.png; path = App/news_icon.png; sourceTree = "<group>"; };
		CD659C571A6F736D00B5EDB9 /* AUDLNewsWebViewController.m */ = {isa = PBXFileReference; fileEncoding = 4; lastKnownFileType = sourcecode.c.objc; path = AUDLNewsWebViewController.m; sourceTree = "<group>"; };
		CD659C591A6F737F00B5EDB9 /* AUDLNewsWebViewController.h */ = {isa = PBXFileReference; lastKnownFileType = sourcecode.c.h; path = AUDLNewsWebViewController.h; sourceTree = "<group>"; };
		CD659C5E1A6F7BDE00B5EDB9 /* AUDLNewsWebView.xib */ = {isa = PBXFileReference; fileEncoding = 4; lastKnownFileType = file.xib; path = AUDLNewsWebView.xib; sourceTree = "<group>"; };
		CD6FD18C1A806E30000D5406 /* downArrowBlack.png */ = {isa = PBXFileReference; lastKnownFileType = image.png; path = downArrowBlack.png; sourceTree = "<group>"; };
		CD6FD18D1A806E31000D5406 /* README.md */ = {isa = PBXFileReference; fileEncoding = 4; lastKnownFileType = net.daringfireball.markdown; path = README.md; sourceTree = "<group>"; };
		CD6FD18E1A806E31000D5406 /* upArrowBlack.png */ = {isa = PBXFileReference; lastKnownFileType = image.png; path = upArrowBlack.png; sourceTree = "<group>"; };
		CD8C22C01A6B573C00A719F9 /* Accelerate.framework */ = {isa = PBXFileReference; lastKnownFileType = wrapper.framework; name = Accelerate.framework; path = System/Library/Frameworks/Accelerate.framework; sourceTree = SDKROOT; };
		CD8C22C41A6B574200A719F9 /* QuartzCore.framework */ = {isa = PBXFileReference; lastKnownFileType = wrapper.framework; name = QuartzCore.framework; path = System/Library/Frameworks/QuartzCore.framework; sourceTree = SDKROOT; };
		CD8FD7C61A6620AB00572CE6 /* Twitter_bird_logo.png */ = {isa = PBXFileReference; lastKnownFileType = image.png; path = Twitter_bird_logo.png; sourceTree = "<group>"; };
		CD8FD8831A662E7C00572CE6 /* Launch Screen.xib */ = {isa = PBXFileReference; fileEncoding = 4; lastKnownFileType = file.xib; path = "Launch Screen.xib"; sourceTree = "<group>"; };
		CD9132EF1A5F64CE0096A08E /* Globals.h */ = {isa = PBXFileReference; lastKnownFileType = sourcecode.c.h; path = Globals.h; sourceTree = "<group>"; };
		CD92BC471A73DF50007604B5 /* tb_background.png */ = {isa = PBXFileReference; lastKnownFileType = image.png; name = tb_background.png; path = App/tb_background.png; sourceTree = "<group>"; };
		CD92BC4B1A73E6F7007604B5 /* Grey_Bar_Scoreboard.png */ = {isa = PBXFileReference; lastKnownFileType = image.png; name = Grey_Bar_Scoreboard.png; path = App/Grey_Bar_Scoreboard.png; sourceTree = "<group>"; };
		CD92BC531A75AE46007604B5 /* Roboto-Black.ttf */ = {isa = PBXFileReference; lastKnownFileType = file; path = "Roboto-Black.ttf"; sourceTree = "<group>"; };
		CD92BC541A75AE46007604B5 /* Roboto-BlackItalic.ttf */ = {isa = PBXFileReference; lastKnownFileType = file; path = "Roboto-BlackItalic.ttf"; sourceTree = "<group>"; };
		CD92BC551A75AE46007604B5 /* Roboto-Bold.ttf */ = {isa = PBXFileReference; lastKnownFileType = file; path = "Roboto-Bold.ttf"; sourceTree = "<group>"; };
		CD92BC561A75AE46007604B5 /* Roboto-BoldItalic.ttf */ = {isa = PBXFileReference; lastKnownFileType = file; path = "Roboto-BoldItalic.ttf"; sourceTree = "<group>"; };
		CD92BC571A75AE46007604B5 /* Roboto-Italic.ttf */ = {isa = PBXFileReference; lastKnownFileType = file; path = "Roboto-Italic.ttf"; sourceTree = "<group>"; };
		CD92BC581A75AE46007604B5 /* Roboto-Light.ttf */ = {isa = PBXFileReference; lastKnownFileType = file; path = "Roboto-Light.ttf"; sourceTree = "<group>"; };
		CD92BC591A75AE46007604B5 /* Roboto-LightItalic.ttf */ = {isa = PBXFileReference; lastKnownFileType = file; path = "Roboto-LightItalic.ttf"; sourceTree = "<group>"; };
		CD92BC5A1A75AE46007604B5 /* Roboto-Medium.ttf */ = {isa = PBXFileReference; lastKnownFileType = file; path = "Roboto-Medium.ttf"; sourceTree = "<group>"; };
		CD92BC5B1A75AE46007604B5 /* Roboto-MediumItalic.ttf */ = {isa = PBXFileReference; lastKnownFileType = file; path = "Roboto-MediumItalic.ttf"; sourceTree = "<group>"; };
		CD92BC5C1A75AE46007604B5 /* Roboto-Regular.ttf */ = {isa = PBXFileReference; lastKnownFileType = file; path = "Roboto-Regular.ttf"; sourceTree = "<group>"; };
		CD92BC5D1A75AE46007604B5 /* Roboto-Thin.ttf */ = {isa = PBXFileReference; lastKnownFileType = file; path = "Roboto-Thin.ttf"; sourceTree = "<group>"; };
		CD92BC5E1A75AE46007604B5 /* Roboto-ThinItalic.ttf */ = {isa = PBXFileReference; lastKnownFileType = file; path = "Roboto-ThinItalic.ttf"; sourceTree = "<group>"; };
		CD92BC5F1A75AE46007604B5 /* RobotoCondensed-Bold.ttf */ = {isa = PBXFileReference; lastKnownFileType = file; path = "RobotoCondensed-Bold.ttf"; sourceTree = "<group>"; };
		CD92BC601A75AE46007604B5 /* RobotoCondensed-BoldItalic.ttf */ = {isa = PBXFileReference; lastKnownFileType = file; path = "RobotoCondensed-BoldItalic.ttf"; sourceTree = "<group>"; };
		CD92BC611A75AE46007604B5 /* RobotoCondensed-Italic.ttf */ = {isa = PBXFileReference; lastKnownFileType = file; path = "RobotoCondensed-Italic.ttf"; sourceTree = "<group>"; };
		CD92BC621A75AE46007604B5 /* RobotoCondensed-Light.ttf */ = {isa = PBXFileReference; lastKnownFileType = file; path = "RobotoCondensed-Light.ttf"; sourceTree = "<group>"; };
		CD92BC631A75AE46007604B5 /* RobotoCondensed-LightItalic.ttf */ = {isa = PBXFileReference; lastKnownFileType = file; path = "RobotoCondensed-LightItalic.ttf"; sourceTree = "<group>"; };
		CD92BC641A75AE46007604B5 /* RobotoCondensed-Regular.ttf */ = {isa = PBXFileReference; lastKnownFileType = file; path = "RobotoCondensed-Regular.ttf"; sourceTree = "<group>"; };
		CD92BC781A75B0BB007604B5 /* AUDLScoreTableViewCell.h */ = {isa = PBXFileReference; lastKnownFileType = sourcecode.c.h; path = AUDLScoreTableViewCell.h; sourceTree = "<group>"; };
		CD92BC791A75B0CE007604B5 /* AUDLScoreTableViewCell.m */ = {isa = PBXFileReference; fileEncoding = 4; lastKnownFileType = sourcecode.c.objc; path = AUDLScoreTableViewCell.m; sourceTree = "<group>"; };
		CD92BC7B1A75B0E8007604B5 /* AUDLScoreTableViewCell.xib */ = {isa = PBXFileReference; fileEncoding = 4; lastKnownFileType = file.xib; path = AUDLScoreTableViewCell.xib; sourceTree = "<group>"; };
		CD92BC7F1A75B203007604B5 /* AUDLDivisionScoreTableViewController.m */ = {isa = PBXFileReference; fileEncoding = 4; lastKnownFileType = sourcecode.c.objc; path = AUDLDivisionScoreTableViewController.m; sourceTree = "<group>"; };
		CD92BC811A75B224007604B5 /* AUDLDivisionScoreTableViewController.h */ = {isa = PBXFileReference; lastKnownFileType = sourcecode.c.h; path = AUDLDivisionScoreTableViewController.h; sourceTree = "<group>"; };
		CD92BC831A79FFBD007604B5 /* Blue_Bar.png */ = {isa = PBXFileReference; lastKnownFileType = image.png; name = Blue_Bar.png; path = App/Blue_Bar.png; sourceTree = "<group>"; };
		CDF89A861A6806FD00382B6D /* AUDLGameGraphViewController.h */ = {isa = PBXFileReference; lastKnownFileType = sourcecode.c.h; path = AUDLGameGraphViewController.h; sourceTree = "<group>"; };
		CDF89A871A68073B00382B6D /* AUDLGameGraphViewController.m */ = {isa = PBXFileReference; fileEncoding = 4; lastKnownFileType = sourcecode.c.objc; path = AUDLGameGraphViewController.m; sourceTree = "<group>"; };
		CDF89A891A68074E00382B6D /* AUDLGameGraphView.xib */ = {isa = PBXFileReference; fileEncoding = 4; lastKnownFileType = file.xib; path = AUDLGameGraphView.xib; sourceTree = "<group>"; };
		E90995F418DCAA7C003A07FD /* AUDLSettingsTableViewController.h */ = {isa = PBXFileReference; fileEncoding = 4; lastKnownFileType = sourcecode.c.h; path = AUDLSettingsTableViewController.h; sourceTree = "<group>"; };
		E90995F518DCAA7C003A07FD /* AUDLSettingsTableViewController.m */ = {isa = PBXFileReference; fileEncoding = 4; lastKnownFileType = sourcecode.c.objc; path = AUDLSettingsTableViewController.m; sourceTree = "<group>"; };
		E967BBED18F06EBB001BE229 /* Accounts.framework */ = {isa = PBXFileReference; lastKnownFileType = wrapper.framework; name = Accounts.framework; path = System/Library/Frameworks/Accounts.framework; sourceTree = SDKROOT; };
		E967BBEF18F06ED1001BE229 /* Social.framework */ = {isa = PBXFileReference; lastKnownFileType = wrapper.framework; name = Social.framework; path = System/Library/Frameworks/Social.framework; sourceTree = SDKROOT; };
		E967BBF118F077CF001BE229 /* Twitter.framework */ = {isa = PBXFileReference; lastKnownFileType = wrapper.framework; name = Twitter.framework; path = System/Library/Frameworks/Twitter.framework; sourceTree = SDKROOT; };
		E96980D819031D660060E5F2 /* AUDLTop5TableViewCell.h */ = {isa = PBXFileReference; fileEncoding = 4; lastKnownFileType = sourcecode.c.h; path = AUDLTop5TableViewCell.h; sourceTree = "<group>"; };
		E96980D919031D660060E5F2 /* AUDLTop5TableViewCell.m */ = {isa = PBXFileReference; fileEncoding = 4; lastKnownFileType = sourcecode.c.objc; path = AUDLTop5TableViewCell.m; sourceTree = "<group>"; };
		E96980DA19031D660060E5F2 /* AUDLTop5TableViewCell.xib */ = {isa = PBXFileReference; fileEncoding = 4; lastKnownFileType = file.xib; path = AUDLTop5TableViewCell.xib; sourceTree = "<group>"; };
		E99C294019057CA800B05EDC /* AUDLTermsOfUseViewController.h */ = {isa = PBXFileReference; fileEncoding = 4; lastKnownFileType = sourcecode.c.h; path = AUDLTermsOfUseViewController.h; sourceTree = "<group>"; };
		E99C294119057CA800B05EDC /* AUDLTermsOfUseViewController.m */ = {isa = PBXFileReference; fileEncoding = 4; lastKnownFileType = sourcecode.c.objc; path = AUDLTermsOfUseViewController.m; sourceTree = "<group>"; };
		E99C29441905810C00B05EDC /* AUDLUCViewController.h */ = {isa = PBXFileReference; fileEncoding = 4; lastKnownFileType = sourcecode.c.h; path = AUDLUCViewController.h; sourceTree = "<group>"; };
		E99C29451905810C00B05EDC /* AUDLUCViewController.m */ = {isa = PBXFileReference; fileEncoding = 4; lastKnownFileType = sourcecode.c.objc; path = AUDLUCViewController.m; sourceTree = "<group>"; };
		E9A421AF19049F9800F26D69 /* AUDLFAQViewController.h */ = {isa = PBXFileReference; fileEncoding = 4; lastKnownFileType = sourcecode.c.h; path = AUDLFAQViewController.h; sourceTree = "<group>"; };
		E9A421B019049F9800F26D69 /* AUDLFAQViewController.m */ = {isa = PBXFileReference; fileEncoding = 4; lastKnownFileType = sourcecode.c.objc; path = AUDLFAQViewController.m; sourceTree = "<group>"; };
		E9D674BB18DE019100712370 /* AUDLVideoViewController.h */ = {isa = PBXFileReference; fileEncoding = 4; lastKnownFileType = sourcecode.c.h; path = AUDLVideoViewController.h; sourceTree = "<group>"; };
		E9D674BC18DE019100712370 /* AUDLVideoViewController.m */ = {isa = PBXFileReference; fileEncoding = 4; lastKnownFileType = sourcecode.c.objc; path = AUDLVideoViewController.m; sourceTree = "<group>"; };
		E9D674BD18DE019100712370 /* AUDLVideoViewController.xib */ = {isa = PBXFileReference; fileEncoding = 4; lastKnownFileType = file.xib; path = AUDLVideoViewController.xib; sourceTree = "<group>"; };
		E9D674C218DE01D700712370 /* AUDLStatsViewController.h */ = {isa = PBXFileReference; fileEncoding = 4; lastKnownFileType = sourcecode.c.h; path = AUDLStatsViewController.h; sourceTree = "<group>"; };
		E9D674C318DE01D700712370 /* AUDLStatsViewController.m */ = {isa = PBXFileReference; fileEncoding = 4; lastKnownFileType = sourcecode.c.objc; path = AUDLStatsViewController.m; sourceTree = "<group>"; };
		E9D674C418DE01D700712370 /* AUDLStatsViewController.xib */ = {isa = PBXFileReference; fileEncoding = 4; lastKnownFileType = file.xib; path = AUDLStatsViewController.xib; sourceTree = "<group>"; };
		E9D674C818DE01FF00712370 /* AUDLScheduleViewController.h */ = {isa = PBXFileReference; fileEncoding = 4; lastKnownFileType = sourcecode.c.h; path = AUDLScheduleViewController.h; sourceTree = "<group>"; };
		E9D674C918DE01FF00712370 /* AUDLScheduleViewController.m */ = {isa = PBXFileReference; fileEncoding = 4; lastKnownFileType = sourcecode.c.objc; path = AUDLScheduleViewController.m; sourceTree = "<group>"; };
		E9D674CA18DE01FF00712370 /* AUDLScheduleViewController.xib */ = {isa = PBXFileReference; fileEncoding = 4; lastKnownFileType = file.xib; path = AUDLScheduleViewController.xib; sourceTree = "<group>"; };
		E9D674CE18DE022B00712370 /* AUDLNowViewController.h */ = {isa = PBXFileReference; fileEncoding = 4; lastKnownFileType = sourcecode.c.h; path = AUDLNowViewController.h; sourceTree = "<group>"; };
		E9D674CF18DE022B00712370 /* AUDLNowViewController.m */ = {isa = PBXFileReference; fileEncoding = 4; lastKnownFileType = sourcecode.c.objc; path = AUDLNowViewController.m; sourceTree = "<group>"; };
		E9D674D018DE022B00712370 /* AUDLNowViewController.xib */ = {isa = PBXFileReference; fileEncoding = 4; lastKnownFileType = file.xib; path = AUDLNowViewController.xib; sourceTree = "<group>"; };
		E9D674D418DE025C00712370 /* AUDLStandingsViewController.h */ = {isa = PBXFileReference; fileEncoding = 4; lastKnownFileType = sourcecode.c.h; path = AUDLStandingsViewController.h; sourceTree = "<group>"; };
		E9D674D518DE025C00712370 /* AUDLStandingsViewController.m */ = {isa = PBXFileReference; fileEncoding = 4; lastKnownFileType = sourcecode.c.objc; path = AUDLStandingsViewController.m; sourceTree = "<group>"; };
		E9D674D618DE025C00712370 /* AUDLStandingsViewController.xib */ = {isa = PBXFileReference; fileEncoding = 4; lastKnownFileType = file.xib; path = AUDLStandingsViewController.xib; sourceTree = "<group>"; };
/* End PBXFileReference section */

/* Begin PBXFrameworksBuildPhase section */
		727ABD6918D257C1005B9ACC /* Frameworks */ = {
			isa = PBXFrameworksBuildPhase;
			buildActionMask = 2147483647;
			files = (
				CD32C1571A6A36FC00E75E6B /* libCorePlot-CocoaTouch.a in Frameworks */,
				CD8C22C51A6B574200A719F9 /* QuartzCore.framework in Frameworks */,
				CD8C22C11A6B573C00A719F9 /* Accelerate.framework in Frameworks */,
				E967BBEE18F06EBB001BE229 /* Accounts.framework in Frameworks */,
				727ABD7218D257C1005B9ACC /* CoreGraphics.framework in Frameworks */,
				727ABD7418D257C1005B9ACC /* UIKit.framework in Frameworks */,
				727ABD7018D257C1005B9ACC /* Foundation.framework in Frameworks */,
			);
			runOnlyForDeploymentPostprocessing = 0;
		};
		727ABD8A18D257C1005B9ACC /* Frameworks */ = {
			isa = PBXFrameworksBuildPhase;
			buildActionMask = 2147483647;
			files = (
				727ABD8F18D257C1005B9ACC /* XCTest.framework in Frameworks */,
				727ABD9118D257C1005B9ACC /* UIKit.framework in Frameworks */,
				727ABD9018D257C1005B9ACC /* Foundation.framework in Frameworks */,
			);
			runOnlyForDeploymentPostprocessing = 0;
		};
/* End PBXFrameworksBuildPhase section */

/* Begin PBXGroup section */
		721F683018EF72D10019EFB9 /* Divison */ = {
			isa = PBXGroup;
			children = (
				721F683318F2065F0019EFB9 /* AUDLDivisionScheduleTableViewController.h */,
				721F683418F2065F0019EFB9 /* AUDLDivisionScheduleTableViewController.m */,
				721F683518F2065F0019EFB9 /* AUDLDivisionScheduleTableViewController.xib */,
				72255C1D18F61D56001E6937 /* Schedule Table Cell */,
			);
			name = Divison;
			sourceTree = "<group>";
		};
		72255C1D18F61D56001E6937 /* Schedule Table Cell */ = {
			isa = PBXGroup;
			children = (
				72255C1818F61D52001E6937 /* AUDLScheduleTableViewCell.h */,
				72255C1918F61D52001E6937 /* AUDLScheduleTableViewCell.m */,
				72255C1A18F61D52001E6937 /* AUDLScheduleTableViewCell.xib */,
			);
			name = "Schedule Table Cell";
			sourceTree = "<group>";
		};
		72255C2318F6E8AA001E6937 /* Division */ = {
			isa = PBXGroup;
			children = (
				72255C1E18F6E8A3001E6937 /* AUDLDivStandingsTableViewController.h */,
				72255C1F18F6E8A3001E6937 /* AUDLDivStandingsTableViewController.m */,
				72255C2018F6E8A3001E6937 /* AUDLDivStandingsTableViewController.xib */,
				72255C2918F6EAB7001E6937 /* Standings Table Cell */,
			);
			name = Division;
			sourceTree = "<group>";
		};
		72255C2918F6EAB7001E6937 /* Standings Table Cell */ = {
			isa = PBXGroup;
			children = (
				72255C2418F6EAB0001E6937 /* AUDLStandingsTableViewCell.h */,
				72255C2518F6EAB0001E6937 /* AUDLStandingsTableViewCell.m */,
				72255C2618F6EAB0001E6937 /* AUDLStandingsTableViewCell.xib */,
			);
			name = "Standings Table Cell";
			sourceTree = "<group>";
		};
		727ABD6318D257C1005B9ACC = {
			isa = PBXGroup;
			children = (
				CD32C14D1A6A368500E75E6B /* CorePlot-CocoaTouch.xcodeproj */,
				CD8FD8831A662E7C00572CE6 /* Launch Screen.xib */,
				CD9132EF1A5F64CE0096A08E /* Globals.h */,
				72C124F71904585C00BAEC46 /* TeamViewController.h */,
				72C124F81904585C00BAEC46 /* TeamViewController.m */,
				72C18E0718F2258800849056 /* Main.storyboard */,
				CD92BC521A75AE2C007604B5 /* Fonts */,
				CD92BC4E1A75AB7B007604B5 /* Images */,
				727ABD7518D257C1005B9ACC /* App */,
				727ABD9418D257C1005B9ACC /* AppTests */,
				727ABD6E18D257C1005B9ACC /* Frameworks */,
				727ABD6D18D257C1005B9ACC /* Products */,
			);
			sourceTree = "<group>";
		};
		727ABD6D18D257C1005B9ACC /* Products */ = {
			isa = PBXGroup;
			children = (
				727ABD6C18D257C1005B9ACC /* AUDL.app */,
				727ABD8D18D257C1005B9ACC /* AUDLTests.xctest */,
			);
			name = Products;
			sourceTree = "<group>";
		};
		727ABD6E18D257C1005B9ACC /* Frameworks */ = {
			isa = PBXGroup;
			children = (
				CD8C22C41A6B574200A719F9 /* QuartzCore.framework */,
				CD8C22C01A6B573C00A719F9 /* Accelerate.framework */,
				E967BBF118F077CF001BE229 /* Twitter.framework */,
				E967BBEF18F06ED1001BE229 /* Social.framework */,
				E967BBED18F06EBB001BE229 /* Accounts.framework */,
				727ABD6F18D257C1005B9ACC /* Foundation.framework */,
				727ABD7118D257C1005B9ACC /* CoreGraphics.framework */,
				727ABD7318D257C1005B9ACC /* UIKit.framework */,
				727ABD8E18D257C1005B9ACC /* XCTest.framework */,
			);
			name = Frameworks;
			sourceTree = "<group>";
		};
		727ABD7518D257C1005B9ACC /* App */ = {
			isa = PBXGroup;
			children = (
				727ABD8418D257C1005B9ACC /* AUDLViewController.h */,
				CD37741C1A70AFCC007FD6E9 /* audl-120.png */,
				727ABD8518D257C1005B9ACC /* AUDLViewController.m */,
				727ABD7E18D257C1005B9ACC /* AUDLAppDelegate.h */,
				727ABD7F18D257C1005B9ACC /* AUDLAppDelegate.m */,
				72F4DB0118DA0C5A00E571FC /* Home */,
				72F4DB0E18DB6EFC00E571FC /* News */,
				72F4DAFF18DA0C3F00E571FC /* Teams */,
				72C7F17E1903126A00D7C49B /* Scores */,
				E9D674C118DE01B800712370 /* Stats */,
				E9D674C718DE01E000712370 /* Schedule */,
				E9D674CD18DE020C00712370 /* Now */,
				E9D674D318DE023B00712370 /* Standings */,
				E9D674C018DE01A100712370 /* Video */,
				E90995EE18DCA294003A07FD /* Settings */,
				72F4DB0D18DB5A6300E571FC /* Table View Cell */,
				72F4DB0218DA0C7000E571FC /* Sidebar */,
				727ABDA718D25801005B9ACC /* Library */,
				727ABD7618D257C1005B9ACC /* Supporting Files */,
			);
			path = App;
			sourceTree = "<group>";
		};
		727ABD7618D257C1005B9ACC /* Supporting Files */ = {
			isa = PBXGroup;
			children = (
				727ABD7718D257C1005B9ACC /* AUDL-Info.plist */,
				727ABD7818D257C1005B9ACC /* InfoPlist.strings */,
				727ABD7B18D257C1005B9ACC /* main.m */,
				727ABD7D18D257C1005B9ACC /* AUDL-Prefix.pch */,
			);
			name = "Supporting Files";
			sourceTree = "<group>";
		};
		727ABD9418D257C1005B9ACC /* AppTests */ = {
			isa = PBXGroup;
			children = (
				72E09EDB18F72B9900F7D802 /* AppTests.m */,
				727ABD9518D257C1005B9ACC /* Supporting Files */,
			);
			path = AppTests;
			sourceTree = "<group>";
		};
		727ABD9518D257C1005B9ACC /* Supporting Files */ = {
			isa = PBXGroup;
			children = (
				727ABD9618D257C1005B9ACC /* AUDLTests-Info.plist */,
				727ABD9718D257C1005B9ACC /* InfoPlist.strings */,
			);
			name = "Supporting Files";
			sourceTree = "<group>";
		};
		727ABDA718D25801005B9ACC /* Library */ = {
			isa = PBXGroup;
			children = (
				727ABDA418D257EC005B9ACC /* SWRevealViewController.h */,
				727ABDA518D257EC005B9ACC /* SWRevealViewController.m */,
			);
			name = Library;
			path = ..;
			sourceTree = "<group>";
		};
		72C1250419045EAD00BAEC46 /* Statistics */ = {
			isa = PBXGroup;
			children = (
				72C124FF19045EA800BAEC46 /* AUDLTeamStatsTableViewController.h */,
				72C1250019045EA800BAEC46 /* AUDLTeamStatsTableViewController.m */,
				72C1250119045EA800BAEC46 /* AUDLTeamStatsTableViewController.xib */,
				72C1250A19046FFD00BAEC46 /* Stats Table Cell */,
			);
			name = Statistics;
			sourceTree = "<group>";
		};
		72C1250A19046FFD00BAEC46 /* Stats Table Cell */ = {
			isa = PBXGroup;
			children = (
				72C1250519046FF400BAEC46 /* AUDLTeamStatsTableViewCell.h */,
				72C1250619046FF400BAEC46 /* AUDLTeamStatsTableViewCell.m */,
				72C1250719046FF400BAEC46 /* AUDLTeamStatsTableViewCell.xib */,
			);
			name = "Stats Table Cell";
			sourceTree = "<group>";
		};
		72C7F17E1903126A00D7C49B /* Scores */ = {
			isa = PBXGroup;
			children = (
				72C7F1791903125F00D7C49B /* AUDLScoresTableViewController.h */,
				72C7F17A1903125F00D7C49B /* AUDLScoresTableViewController.m */,
				72C7F17B1903125F00D7C49B /* AUDLScoresTableViewController.xib */,
				CD92BC7D1A75B185007604B5 /* Division */,
			);
			name = Scores;
			sourceTree = "<group>";
		};
		72C7F18219043A6500D7C49B /* Roster */ = {
			isa = PBXGroup;
			children = (
				72C7F1741901AC9900D7C49B /* AUDLRosterTableViewController.h */,
				72C7F1751901AC9900D7C49B /* AUDLRosterTableViewController.m */,
				72C7F1761901AC9900D7C49B /* AUDLRosterTableViewController.xib */,
			);
			name = Roster;
			sourceTree = "<group>";
		};
		72C7F18819043AA600D7C49B /* Schedule */ = {
			isa = PBXGroup;
			children = (
				72C124FA190459B500BAEC46 /* AUDLTeamScheduleTableViewController.h */,
				72C124FB190459B500BAEC46 /* AUDLTeamScheduleTableViewController.m */,
				72C124FC190459B500BAEC46 /* AUDLTeamScheduleTableViewController.xib */,
			);
			name = Schedule;
			sourceTree = "<group>";
		};
		72F4DAFF18DA0C3F00E571FC /* Teams */ = {
			isa = PBXGroup;
			children = (
				72F4DAFA18DA0A8A00E571FC /* AUDLTeamsTableViewController.h */,
				72F4DAFB18DA0A8A00E571FC /* AUDLTeamsTableViewController.m */,
				72F4DAFC18DA0A8A00E571FC /* AUDLTeamsTableViewController.xib */,
				E9A9AB7218E91DE400F5BEED /* Team */,
			);
			name = Teams;
			sourceTree = "<group>";
		};
		72F4DB0118DA0C5A00E571FC /* Home */ = {
			isa = PBXGroup;
			children = (
				727ABDAB18D25C7B005B9ACC /* AUDLMainViewController.h */,
				727ABDAC18D25C7B005B9ACC /* AUDLMainViewController.m */,
			);
			name = Home;
			sourceTree = "<group>";
		};
		72F4DB0218DA0C7000E571FC /* Sidebar */ = {
			isa = PBXGroup;
			children = (
				727ABDA818D25B59005B9ACC /* SidebarViewController.h */,
				727ABDA918D25B59005B9ACC /* SidebarViewController.m */,
			);
			name = Sidebar;
			sourceTree = "<group>";
		};
		72F4DB0D18DB5A6300E571FC /* Table View Cell */ = {
			isa = PBXGroup;
			children = (
				72F4DB0818DB5A3F00E571FC /* AUDLTableViewCell.h */,
				72F4DB0918DB5A3F00E571FC /* AUDLTableViewCell.m */,
				72F4DB0A18DB5A3F00E571FC /* AUDLTableViewCell.xib */,
			);
			name = "Table View Cell";
			sourceTree = "<group>";
		};
		72F4DB0E18DB6EFC00E571FC /* News */ = {
			isa = PBXGroup;
			children = (
				72F4DB0318DB36C700E571FC /* AUDLNewsTableViewController.h */,
				72F4DB0418DB36C700E571FC /* AUDLNewsTableViewController.m */,
				72F4DB0518DB36C700E571FC /* AUDLNewsTableViewController.xib */,
				CD659C541A6F71E100B5EDB9 /* NewsWebView */,
				CD659C481A6F445100B5EDB9 /* NewsTableViewCell */,
			);
			name = News;
			sourceTree = "<group>";
		};
		CD32C14E1A6A368500E75E6B /* Products */ = {
			isa = PBXGroup;
			children = (
				CD32C1541A6A368500E75E6B /* libCorePlot-CocoaTouch.a */,
			);
			name = Products;
			sourceTree = "<group>";
		};
		CD61BC671A856C7500405F62 /* Game View */ = {
			isa = PBXGroup;
			children = (
				CD61BC6B1A856CF000405F62 /* AUDLGameTabView.h */,
				CD61BC6C1A856D3100405F62 /* AUDLGameTabView.m */,
				CD61BC6E1A857BB700405F62 /* Game Stats */,
				CDF89A831A6806BC00382B6D /* Game Graph */,
			);
			name = "Game View";
			sourceTree = "<group>";
		};
		CD61BC6E1A857BB700405F62 /* Game Stats */ = {
			isa = PBXGroup;
			children = (
				CD61BC6F1A857BCF00405F62 /* AUDLGameStatsView.h */,
				CD61BC701A857BFA00405F62 /* AUDLGameStatsView.m */,
			);
			name = "Game Stats";
			sourceTree = "<group>";
		};
		CD659C481A6F445100B5EDB9 /* NewsTableViewCell */ = {
			isa = PBXGroup;
			children = (
				CD659C4B1A6F447900B5EDB9 /* AUDLNewsTableViewCell.h */,
				CD659C4C1A6F449600B5EDB9 /* AUDLNewsTableViewCell.m */,
				CD659C501A6F45ED00B5EDB9 /* AUDLNewsTableViewCell.xib */,
			);
			name = NewsTableViewCell;
			sourceTree = "<group>";
		};
		CD659C541A6F71E100B5EDB9 /* NewsWebView */ = {
			isa = PBXGroup;
			children = (
				CD659C591A6F737F00B5EDB9 /* AUDLNewsWebViewController.h */,
				CD659C571A6F736D00B5EDB9 /* AUDLNewsWebViewController.m */,
				CD659C5E1A6F7BDE00B5EDB9 /* AUDLNewsWebView.xib */,
			);
			name = NewsWebView;
			sourceTree = "<group>";
		};
		CD92BC4E1A75AB7B007604B5 /* Images */ = {
			isa = PBXGroup;
			children = (
				721F682918EF405C0019EFB9 /* audl-120.png */,
				CD8FD7C61A6620AB00572CE6 /* Twitter_bird_logo.png */,
				CD6FD18C1A806E30000D5406 /* downArrowBlack.png */,
				CD6FD18D1A806E31000D5406 /* README.md */,
				CD6FD18E1A806E31000D5406 /* upArrowBlack.png */,
				CD0528231A82EF7F00605673 /* Header_No_Type.png */,
				CD659C521A6F68C200B5EDB9 /* news_icon.png */,
				CD92BC831A79FFBD007604B5 /* Blue_Bar.png */,
				721F682318EF3C260019EFB9 /* Default@2x.png */,
				CD92BC471A73DF50007604B5 /* tb_background.png */,
				721F682118EF3B0B0019EFB9 /* Default-568h@2x.png */,
				CD92BC4B1A73E6F7007604B5 /* Grey_Bar_Scoreboard.png */,
			);
			name = Images;
			sourceTree = "<group>";
		};
		CD92BC521A75AE2C007604B5 /* Fonts */ = {
			isa = PBXGroup;
			children = (
				CD92BC531A75AE46007604B5 /* Roboto-Black.ttf */,
				CD92BC541A75AE46007604B5 /* Roboto-BlackItalic.ttf */,
				CD92BC551A75AE46007604B5 /* Roboto-Bold.ttf */,
				CD92BC561A75AE46007604B5 /* Roboto-BoldItalic.ttf */,
				CD92BC571A75AE46007604B5 /* Roboto-Italic.ttf */,
				CD92BC581A75AE46007604B5 /* Roboto-Light.ttf */,
				CD92BC591A75AE46007604B5 /* Roboto-LightItalic.ttf */,
				CD92BC5A1A75AE46007604B5 /* Roboto-Medium.ttf */,
				CD92BC5B1A75AE46007604B5 /* Roboto-MediumItalic.ttf */,
				CD92BC5C1A75AE46007604B5 /* Roboto-Regular.ttf */,
				CD92BC5D1A75AE46007604B5 /* Roboto-Thin.ttf */,
				CD92BC5E1A75AE46007604B5 /* Roboto-ThinItalic.ttf */,
				CD92BC5F1A75AE46007604B5 /* RobotoCondensed-Bold.ttf */,
				CD92BC601A75AE46007604B5 /* RobotoCondensed-BoldItalic.ttf */,
				CD92BC611A75AE46007604B5 /* RobotoCondensed-Italic.ttf */,
				CD92BC621A75AE46007604B5 /* RobotoCondensed-Light.ttf */,
				CD92BC631A75AE46007604B5 /* RobotoCondensed-LightItalic.ttf */,
				CD92BC641A75AE46007604B5 /* RobotoCondensed-Regular.ttf */,
			);
			name = Fonts;
			sourceTree = "<group>";
		};
		CD92BC771A75B090007604B5 /* Score Table Cell */ = {
			isa = PBXGroup;
			children = (
				CD92BC781A75B0BB007604B5 /* AUDLScoreTableViewCell.h */,
				CD92BC791A75B0CE007604B5 /* AUDLScoreTableViewCell.m */,
				CD92BC7B1A75B0E8007604B5 /* AUDLScoreTableViewCell.xib */,
				CD61BC671A856C7500405F62 /* Game View */,
			);
			name = "Score Table Cell";
			sourceTree = "<group>";
		};
		CD92BC7D1A75B185007604B5 /* Division */ = {
			isa = PBXGroup;
			children = (
				CD92BC811A75B224007604B5 /* AUDLDivisionScoreTableViewController.h */,
				CD92BC7F1A75B203007604B5 /* AUDLDivisionScoreTableViewController.m */,
				CD92BC771A75B090007604B5 /* Score Table Cell */,
			);
			name = Division;
			sourceTree = "<group>";
		};
		CDF89A831A6806BC00382B6D /* Game Graph */ = {
			isa = PBXGroup;
			children = (
				CDF89A861A6806FD00382B6D /* AUDLGameGraphViewController.h */,
				CDF89A871A68073B00382B6D /* AUDLGameGraphViewController.m */,
				CDF89A891A68074E00382B6D /* AUDLGameGraphView.xib */,
			);
			name = "Game Graph";
			sourceTree = "<group>";
		};
		E90995EE18DCA294003A07FD /* Settings */ = {
			isa = PBXGroup;
			children = (
				E90995F418DCAA7C003A07FD /* AUDLSettingsTableViewController.h */,
				E90995F518DCAA7C003A07FD /* AUDLSettingsTableViewController.m */,
				E99C2943190580ED00B05EDC /* under construction */,
				E99C293F19057C8B00B05EDC /* Terms of Use */,
				E9A421AE19049F6700F26D69 /* FAQ */,
			);
			name = Settings;
			sourceTree = "<group>";
		};
		E96980CF190311E80060E5F2 /* AUDLTop5Stats */ = {
			isa = PBXGroup;
			children = (
				E96980D819031D660060E5F2 /* AUDLTop5TableViewCell.h */,
				E96980D919031D660060E5F2 /* AUDLTop5TableViewCell.m */,
				E96980DA19031D660060E5F2 /* AUDLTop5TableViewCell.xib */,
			);
			name = AUDLTop5Stats;
			sourceTree = "<group>";
		};
		E99C293F19057C8B00B05EDC /* Terms of Use */ = {
			isa = PBXGroup;
			children = (
				E99C294019057CA800B05EDC /* AUDLTermsOfUseViewController.h */,
				E99C294119057CA800B05EDC /* AUDLTermsOfUseViewController.m */,
			);
			name = "Terms of Use";
			sourceTree = "<group>";
		};
		E99C2943190580ED00B05EDC /* under construction */ = {
			isa = PBXGroup;
			children = (
				E99C29441905810C00B05EDC /* AUDLUCViewController.h */,
				E99C29451905810C00B05EDC /* AUDLUCViewController.m */,
			);
			name = "under construction";
			sourceTree = "<group>";
		};
		E9A421AE19049F6700F26D69 /* FAQ */ = {
			isa = PBXGroup;
			children = (
				E9A421AF19049F9800F26D69 /* AUDLFAQViewController.h */,
				E9A421B019049F9800F26D69 /* AUDLFAQViewController.m */,
			);
			name = FAQ;
			sourceTree = "<group>";
		};
		E9A9AB7218E91DE400F5BEED /* Team */ = {
			isa = PBXGroup;
			children = (
				7249E15618F708E200C4012B /* AUDLIndivTeamTableViewController.h */,
				7249E15718F708E200C4012B /* AUDLIndivTeamTableViewController.m */,
				72C7F18219043A6500D7C49B /* Roster */,
				72C7F18819043AA600D7C49B /* Schedule */,
				72C1250419045EAD00BAEC46 /* Statistics */,
			);
			name = Team;
			sourceTree = "<group>";
		};
		E9D674C018DE01A100712370 /* Video */ = {
			isa = PBXGroup;
			children = (
				E9D674BB18DE019100712370 /* AUDLVideoViewController.h */,
				E9D674BC18DE019100712370 /* AUDLVideoViewController.m */,
				E9D674BD18DE019100712370 /* AUDLVideoViewController.xib */,
			);
			name = Video;
			sourceTree = "<group>";
		};
		E9D674C118DE01B800712370 /* Stats */ = {
			isa = PBXGroup;
			children = (
				E9D674C218DE01D700712370 /* AUDLStatsViewController.h */,
				E9D674C318DE01D700712370 /* AUDLStatsViewController.m */,
				E9D674C418DE01D700712370 /* AUDLStatsViewController.xib */,
				E96980CF190311E80060E5F2 /* AUDLTop5Stats */,
			);
			name = Stats;
			sourceTree = "<group>";
		};
		E9D674C718DE01E000712370 /* Schedule */ = {
			isa = PBXGroup;
			children = (
				E9D674C818DE01FF00712370 /* AUDLScheduleViewController.h */,
				E9D674C918DE01FF00712370 /* AUDLScheduleViewController.m */,
				E9D674CA18DE01FF00712370 /* AUDLScheduleViewController.xib */,
				721F683018EF72D10019EFB9 /* Divison */,
			);
			name = Schedule;
			sourceTree = "<group>";
		};
		E9D674CD18DE020C00712370 /* Now */ = {
			isa = PBXGroup;
			children = (
				E9D674CE18DE022B00712370 /* AUDLNowViewController.h */,
				E9D674CF18DE022B00712370 /* AUDLNowViewController.m */,
				E9D674D018DE022B00712370 /* AUDLNowViewController.xib */,
			);
			name = Now;
			sourceTree = "<group>";
		};
		E9D674D318DE023B00712370 /* Standings */ = {
			isa = PBXGroup;
			children = (
				E9D674D418DE025C00712370 /* AUDLStandingsViewController.h */,
				E9D674D518DE025C00712370 /* AUDLStandingsViewController.m */,
				E9D674D618DE025C00712370 /* AUDLStandingsViewController.xib */,
				72255C2318F6E8AA001E6937 /* Division */,
			);
			name = Standings;
			sourceTree = "<group>";
		};
/* End PBXGroup section */

/* Begin PBXNativeTarget section */
		727ABD6B18D257C1005B9ACC /* AUDL */ = {
			isa = PBXNativeTarget;
			buildConfigurationList = 727ABD9E18D257C1005B9ACC /* Build configuration list for PBXNativeTarget "AUDL" */;
			buildPhases = (
				727ABD6818D257C1005B9ACC /* Sources */,
				727ABD6918D257C1005B9ACC /* Frameworks */,
				727ABD6A18D257C1005B9ACC /* Resources */,
			);
			buildRules = (
			);
			dependencies = (
				CD32C1561A6A36B000E75E6B /* PBXTargetDependency */,
			);
			name = AUDL;
			productName = App;
			productReference = 727ABD6C18D257C1005B9ACC /* AUDL.app */;
			productType = "com.apple.product-type.application";
		};
		727ABD8C18D257C1005B9ACC /* AUDLTests */ = {
			isa = PBXNativeTarget;
			buildConfigurationList = 727ABDA118D257C1005B9ACC /* Build configuration list for PBXNativeTarget "AUDLTests" */;
			buildPhases = (
				727ABD8918D257C1005B9ACC /* Sources */,
				727ABD8A18D257C1005B9ACC /* Frameworks */,
				727ABD8B18D257C1005B9ACC /* Resources */,
			);
			buildRules = (
			);
			dependencies = (
				727ABD9318D257C1005B9ACC /* PBXTargetDependency */,
			);
			name = AUDLTests;
			productName = AppTests;
			productReference = 727ABD8D18D257C1005B9ACC /* AUDLTests.xctest */;
			productType = "com.apple.product-type.bundle.unit-test";
		};
/* End PBXNativeTarget section */

/* Begin PBXProject section */
		727ABD6418D257C1005B9ACC /* Project object */ = {
			isa = PBXProject;
			attributes = {
				CLASSPREFIX = AUDL;
				LastUpgradeCheck = 0510;
				ORGANIZATIONNAME = AUDL;
				TargetAttributes = {
					727ABD6B18D257C1005B9ACC = {
						DevelopmentTeam = 9AL4C38P3S;
					};
					727ABD8C18D257C1005B9ACC = {
						TestTargetID = 727ABD6B18D257C1005B9ACC;
					};
				};
			};
			buildConfigurationList = 727ABD6718D257C1005B9ACC /* Build configuration list for PBXProject "AUDL" */;
			compatibilityVersion = "Xcode 3.2";
			developmentRegion = English;
			hasScannedForEncodings = 0;
			knownRegions = (
				en,
				Base,
			);
			mainGroup = 727ABD6318D257C1005B9ACC;
			productRefGroup = 727ABD6D18D257C1005B9ACC /* Products */;
			projectDirPath = "";
			projectReferences = (
				{
					ProductGroup = CD32C14E1A6A368500E75E6B /* Products */;
					ProjectRef = CD32C14D1A6A368500E75E6B /* CorePlot-CocoaTouch.xcodeproj */;
				},
			);
			projectRoot = "";
			targets = (
				727ABD6B18D257C1005B9ACC /* AUDL */,
				727ABD8C18D257C1005B9ACC /* AUDLTests */,
			);
		};
/* End PBXProject section */

/* Begin PBXReferenceProxy section */
		CD32C1541A6A368500E75E6B /* libCorePlot-CocoaTouch.a */ = {
			isa = PBXReferenceProxy;
			fileType = archive.ar;
			path = "libCorePlot-CocoaTouch.a";
			remoteRef = CD32C1531A6A368500E75E6B /* PBXContainerItemProxy */;
			sourceTree = BUILT_PRODUCTS_DIR;
		};
/* End PBXReferenceProxy section */

/* Begin PBXResourcesBuildPhase section */
		727ABD6A18D257C1005B9ACC /* Resources */ = {
			isa = PBXResourcesBuildPhase;
			buildActionMask = 2147483647;
			files = (
				CD659C5F1A6F7BDE00B5EDB9 /* AUDLNewsWebView.xib in Resources */,
				CD659C531A6F68C200B5EDB9 /* news_icon.png in Resources */,
				CD92BC6B1A75AE46007604B5 /* Roboto-LightItalic.ttf in Resources */,
				CD8FD7C71A6620AB00572CE6 /* Twitter_bird_logo.png in Resources */,
				CD92BC6F1A75AE46007604B5 /* Roboto-Thin.ttf in Resources */,
				CD92BC6D1A75AE46007604B5 /* Roboto-MediumItalic.ttf in Resources */,
				72C7F1811903347200D7C49B /* AUDLTop5TableViewCell.xib in Resources */,
				E9D674BF18DE019100712370 /* AUDLVideoViewController.xib in Resources */,
				CD92BC651A75AE46007604B5 /* Roboto-Black.ttf in Resources */,
				CD37741D1A70AFCD007FD6E9 /* audl-120.png in Resources */,
				E9D674CC18DE01FF00712370 /* AUDLScheduleViewController.xib in Resources */,
				721F683718F2065F0019EFB9 /* AUDLDivisionScheduleTableViewController.xib in Resources */,
				CD8FD8841A662E7C00572CE6 /* Launch Screen.xib in Resources */,
				CDF89A8A1A68074E00382B6D /* AUDLGameGraphView.xib in Resources */,
				721F682A18EF405C0019EFB9 /* audl-120.png in Resources */,
				CD92BC761A75AE46007604B5 /* RobotoCondensed-Regular.ttf in Resources */,
				CD92BC701A75AE46007604B5 /* Roboto-ThinItalic.ttf in Resources */,
				72F4DAFE18DA0A8A00E571FC /* AUDLTeamsTableViewController.xib in Resources */,
				CD92BC731A75AE46007604B5 /* RobotoCondensed-Italic.ttf in Resources */,
				CD92BC671A75AE46007604B5 /* Roboto-Bold.ttf in Resources */,
				72255C2818F6EAB0001E6937 /* AUDLStandingsTableViewCell.xib in Resources */,
				72C1250319045EA800BAEC46 /* AUDLTeamStatsTableViewController.xib in Resources */,
				E9D674C618DE01D700712370 /* AUDLStatsViewController.xib in Resources */,
				CD6FD18F1A806E31000D5406 /* downArrowBlack.png in Resources */,
				CD92BC661A75AE46007604B5 /* Roboto-BlackItalic.ttf in Resources */,
				72C7F17D1903125F00D7C49B /* AUDLScoresTableViewController.xib in Resources */,
				72F4DB0718DB36C700E571FC /* AUDLNewsTableViewController.xib in Resources */,
				727ABD7A18D257C1005B9ACC /* InfoPlist.strings in Resources */,
				CD6FD1911A806E31000D5406 /* upArrowBlack.png in Resources */,
				E9D674D818DE025C00712370 /* AUDLStandingsViewController.xib in Resources */,
				CD92BC681A75AE46007604B5 /* Roboto-BoldItalic.ttf in Resources */,
				72C18E0818F2258800849056 /* Main.storyboard in Resources */,
				CD92BC7C1A75B0E8007604B5 /* AUDLScoreTableViewCell.xib in Resources */,
				721F682218EF3B0B0019EFB9 /* Default-568h@2x.png in Resources */,
				E9D674D218DE022B00712370 /* AUDLNowViewController.xib in Resources */,
				CD92BC721A75AE46007604B5 /* RobotoCondensed-BoldItalic.ttf in Resources */,
				CD92BC691A75AE46007604B5 /* Roboto-Italic.ttf in Resources */,
				CD92BC841A79FFBE007604B5 /* Blue_Bar.png in Resources */,
				CD92BC4C1A73E6F8007604B5 /* Grey_Bar_Scoreboard.png in Resources */,
				72255C1C18F61D52001E6937 /* AUDLScheduleTableViewCell.xib in Resources */,
				72255C2218F6E8A3001E6937 /* AUDLDivStandingsTableViewController.xib in Resources */,
				CD92BC6E1A75AE46007604B5 /* Roboto-Regular.ttf in Resources */,
				CD92BC481A73DF50007604B5 /* tb_background.png in Resources */,
				CD659C511A6F45ED00B5EDB9 /* AUDLNewsTableViewCell.xib in Resources */,
				72C7F1781901AC9900D7C49B /* AUDLRosterTableViewController.xib in Resources */,
				CD92BC6C1A75AE46007604B5 /* Roboto-Medium.ttf in Resources */,
				CD92BC751A75AE46007604B5 /* RobotoCondensed-LightItalic.ttf in Resources */,
				CD0528241A82EF7F00605673 /* Header_No_Type.png in Resources */,
				721F682418EF3C260019EFB9 /* Default@2x.png in Resources */,
				CD92BC6A1A75AE46007604B5 /* Roboto-Light.ttf in Resources */,
				CD92BC711A75AE46007604B5 /* RobotoCondensed-Bold.ttf in Resources */,
				72C124FE190459B500BAEC46 /* AUDLTeamScheduleTableViewController.xib in Resources */,
				CD92BC741A75AE46007604B5 /* RobotoCondensed-Light.ttf in Resources */,
				72F4DB0C18DB5A3F00E571FC /* AUDLTableViewCell.xib in Resources */,
				72C1250919046FF400BAEC46 /* AUDLTeamStatsTableViewCell.xib in Resources */,
			);
			runOnlyForDeploymentPostprocessing = 0;
		};
		727ABD8B18D257C1005B9ACC /* Resources */ = {
			isa = PBXResourcesBuildPhase;
			buildActionMask = 2147483647;
			files = (
				727ABD9918D257C1005B9ACC /* InfoPlist.strings in Resources */,
			);
			runOnlyForDeploymentPostprocessing = 0;
		};
/* End PBXResourcesBuildPhase section */

/* Begin PBXSourcesBuildPhase section */
		727ABD6818D257C1005B9ACC /* Sources */ = {
			isa = PBXSourcesBuildPhase;
			buildActionMask = 2147483647;
			files = (
				721F683618F2065F0019EFB9 /* AUDLDivisionScheduleTableViewController.m in Sources */,
				72F4DAFD18DA0A8A00E571FC /* AUDLTeamsTableViewController.m in Sources */,
				E9A421B119049F9800F26D69 /* AUDLFAQViewController.m in Sources */,
				72F4DB0B18DB5A3F00E571FC /* AUDLTableViewCell.m in Sources */,
				E96980DB19031D660060E5F2 /* AUDLTop5TableViewCell.m in Sources */,
				E9D674C518DE01D700712370 /* AUDLStatsViewController.m in Sources */,
				E9D674D118DE022B00712370 /* AUDLNowViewController.m in Sources */,
				CD659C581A6F736D00B5EDB9 /* AUDLNewsWebViewController.m in Sources */,
				72C1250219045EA800BAEC46 /* AUDLTeamStatsTableViewController.m in Sources */,
				E90995F618DCAA7C003A07FD /* AUDLSettingsTableViewController.m in Sources */,
				CD61BC6D1A856D3100405F62 /* AUDLGameTabView.m in Sources */,
				72F4DB0618DB36C700E571FC /* AUDLNewsTableViewController.m in Sources */,
				72255C2118F6E8A3001E6937 /* AUDLDivStandingsTableViewController.m in Sources */,
				E99C29461905810C00B05EDC /* AUDLUCViewController.m in Sources */,
				CDF89A881A68073B00382B6D /* AUDLGameGraphViewController.m in Sources */,
				72C1250819046FF400BAEC46 /* AUDLTeamStatsTableViewCell.m in Sources */,
				72255C1B18F61D52001E6937 /* AUDLScheduleTableViewCell.m in Sources */,
				CD61BC711A857BFA00405F62 /* AUDLGameStatsView.m in Sources */,
				CD659C4D1A6F449600B5EDB9 /* AUDLNewsTableViewCell.m in Sources */,
				CD6FD1901A806E31000D5406 /* README.md in Sources */,
				72C124FD190459B500BAEC46 /* AUDLTeamScheduleTableViewController.m in Sources */,
				727ABDAA18D25B59005B9ACC /* SidebarViewController.m in Sources */,
				CD92BC801A75B203007604B5 /* AUDLDivisionScoreTableViewController.m in Sources */,
				E9D674D718DE025C00712370 /* AUDLStandingsViewController.m in Sources */,
				72C7F1771901AC9900D7C49B /* AUDLRosterTableViewController.m in Sources */,
				72C7F17C1903125F00D7C49B /* AUDLScoresTableViewController.m in Sources */,
				E9D674CB18DE01FF00712370 /* AUDLScheduleViewController.m in Sources */,
				727ABDAD18D25C7B005B9ACC /* AUDLMainViewController.m in Sources */,
				727ABD8618D257C1005B9ACC /* AUDLViewController.m in Sources */,
				E9D674BE18DE019100712370 /* AUDLVideoViewController.m in Sources */,
				727ABD8018D257C1005B9ACC /* AUDLAppDelegate.m in Sources */,
				72255C2718F6EAB0001E6937 /* AUDLStandingsTableViewCell.m in Sources */,
				727ABD7C18D257C1005B9ACC /* main.m in Sources */,
				E99C294219057CA800B05EDC /* AUDLTermsOfUseViewController.m in Sources */,
				727ABDA618D257EC005B9ACC /* SWRevealViewController.m in Sources */,
				CD92BC7A1A75B0CE007604B5 /* AUDLScoreTableViewCell.m in Sources */,
				7249E15918F708E200C4012B /* AUDLIndivTeamTableViewController.m in Sources */,
			);
			runOnlyForDeploymentPostprocessing = 0;
		};
		727ABD8918D257C1005B9ACC /* Sources */ = {
			isa = PBXSourcesBuildPhase;
			buildActionMask = 2147483647;
			files = (
				72E09EDC18F72B9900F7D802 /* AppTests.m in Sources */,
			);
			runOnlyForDeploymentPostprocessing = 0;
		};
/* End PBXSourcesBuildPhase section */

/* Begin PBXTargetDependency section */
		727ABD9318D257C1005B9ACC /* PBXTargetDependency */ = {
			isa = PBXTargetDependency;
			target = 727ABD6B18D257C1005B9ACC /* AUDL */;
			targetProxy = 727ABD9218D257C1005B9ACC /* PBXContainerItemProxy */;
		};
		CD32C1561A6A36B000E75E6B /* PBXTargetDependency */ = {
			isa = PBXTargetDependency;
			name = "CorePlot-CocoaTouch";
			targetProxy = CD32C1551A6A36B000E75E6B /* PBXContainerItemProxy */;
		};
/* End PBXTargetDependency section */

/* Begin PBXVariantGroup section */
		727ABD7818D257C1005B9ACC /* InfoPlist.strings */ = {
			isa = PBXVariantGroup;
			children = (
				727ABD7918D257C1005B9ACC /* en */,
			);
			name = InfoPlist.strings;
			sourceTree = "<group>";
		};
		727ABD9718D257C1005B9ACC /* InfoPlist.strings */ = {
			isa = PBXVariantGroup;
			children = (
				727ABD9818D257C1005B9ACC /* en */,
			);
			name = InfoPlist.strings;
			sourceTree = "<group>";
		};
/* End PBXVariantGroup section */

/* Begin XCBuildConfiguration section */
		727ABD9C18D257C1005B9ACC /* Debug */ = {
			isa = XCBuildConfiguration;
			buildSettings = {
				ALWAYS_SEARCH_USER_PATHS = NO;
				CLANG_CXX_LANGUAGE_STANDARD = "gnu++0x";
				CLANG_CXX_LIBRARY = "libc++";
				CLANG_ENABLE_MODULES = YES;
				CLANG_ENABLE_OBJC_ARC = YES;
				CLANG_WARN_BOOL_CONVERSION = YES;
				CLANG_WARN_CONSTANT_CONVERSION = YES;
				CLANG_WARN_DIRECT_OBJC_ISA_USAGE = YES_ERROR;
				CLANG_WARN_EMPTY_BODY = YES;
				CLANG_WARN_ENUM_CONVERSION = YES;
				CLANG_WARN_INT_CONVERSION = YES;
				CLANG_WARN_OBJC_ROOT_CLASS = YES_ERROR;
				CLANG_WARN__DUPLICATE_METHOD_MATCH = YES;
				"CODE_SIGN_IDENTITY[sdk=iphoneos*]" = "iPhone Developer";
				COPY_PHASE_STRIP = NO;
				GCC_C_LANGUAGE_STANDARD = gnu99;
				GCC_DYNAMIC_NO_PIC = NO;
				GCC_GENERATE_DEBUGGING_SYMBOLS = NO;
				GCC_GENERATE_TEST_COVERAGE_FILES = YES;
				GCC_INSTRUMENT_PROGRAM_FLOW_ARCS = YES;
				GCC_OPTIMIZATION_LEVEL = 0;
				GCC_PREPROCESSOR_DEFINITIONS = (
					"DEBUG=1",
					"$(inherited)",
				);
				GCC_SYMBOLS_PRIVATE_EXTERN = NO;
				GCC_WARN_64_TO_32_BIT_CONVERSION = YES;
				GCC_WARN_ABOUT_RETURN_TYPE = YES_ERROR;
				GCC_WARN_UNDECLARED_SELECTOR = YES;
				GCC_WARN_UNINITIALIZED_AUTOS = YES_AGGRESSIVE;
				GCC_WARN_UNUSED_FUNCTION = YES;
				GCC_WARN_UNUSED_VARIABLE = YES;
				IPHONEOS_DEPLOYMENT_TARGET = 8.1;
				ONLY_ACTIVE_ARCH = YES;
				SDKROOT = iphoneos;
			};
			name = Debug;
		};
		727ABD9D18D257C1005B9ACC /* Release */ = {
			isa = XCBuildConfiguration;
			buildSettings = {
				ALWAYS_SEARCH_USER_PATHS = NO;
				CLANG_CXX_LANGUAGE_STANDARD = "gnu++0x";
				CLANG_CXX_LIBRARY = "libc++";
				CLANG_ENABLE_MODULES = YES;
				CLANG_ENABLE_OBJC_ARC = YES;
				CLANG_WARN_BOOL_CONVERSION = YES;
				CLANG_WARN_CONSTANT_CONVERSION = YES;
				CLANG_WARN_DIRECT_OBJC_ISA_USAGE = YES_ERROR;
				CLANG_WARN_EMPTY_BODY = YES;
				CLANG_WARN_ENUM_CONVERSION = YES;
				CLANG_WARN_INT_CONVERSION = YES;
				CLANG_WARN_OBJC_ROOT_CLASS = YES_ERROR;
				CLANG_WARN__DUPLICATE_METHOD_MATCH = YES;
				"CODE_SIGN_IDENTITY[sdk=iphoneos*]" = "iPhone Developer";
				COPY_PHASE_STRIP = YES;
				ENABLE_NS_ASSERTIONS = NO;
				GCC_C_LANGUAGE_STANDARD = gnu99;
				GCC_GENERATE_DEBUGGING_SYMBOLS = NO;
				GCC_WARN_64_TO_32_BIT_CONVERSION = YES;
				GCC_WARN_ABOUT_RETURN_TYPE = YES_ERROR;
				GCC_WARN_UNDECLARED_SELECTOR = YES;
				GCC_WARN_UNINITIALIZED_AUTOS = YES_AGGRESSIVE;
				GCC_WARN_UNUSED_FUNCTION = YES;
				GCC_WARN_UNUSED_VARIABLE = YES;
				IPHONEOS_DEPLOYMENT_TARGET = 8.1;
				SDKROOT = iphoneos;
				VALIDATE_PRODUCT = YES;
			};
			name = Release;
		};
		727ABD9F18D257C1005B9ACC /* Debug */ = {
			isa = XCBuildConfiguration;
			buildSettings = {
				ASSETCATALOG_COMPILER_APPICON_NAME = "AppIcon-2";
				ASSETCATALOG_COMPILER_LAUNCHIMAGE_NAME = LaunchImage;
				CODE_SIGN_IDENTITY = "iPhone Developer";
				"CODE_SIGN_IDENTITY[sdk=iphoneos*]" = "iPhone Developer";
				GCC_PRECOMPILE_PREFIX_HEADER = YES;
				GCC_PREFIX_HEADER = "App/AUDL-Prefix.pch";
				HEADER_SEARCH_PATHS = (
					"$(inherited)",
					/Applications/Xcode.app/Contents/Developer/Toolchains/XcodeDefault.xctoolchain/usr/include,
					"../core-plot/framework/**",
				);
				INFOPLIST_FILE = "App/AUDL-Info.plist";
				OTHER_LDFLAGS = "-ObjC";
				PRODUCT_NAME = AUDL;
				PROVISIONING_PROFILE = "";
				WRAPPER_EXTENSION = app;
			};
			name = Debug;
		};
		727ABDA018D257C1005B9ACC /* Release */ = {
			isa = XCBuildConfiguration;
			buildSettings = {
				ASSETCATALOG_COMPILER_APPICON_NAME = "AppIcon-2";
				ASSETCATALOG_COMPILER_LAUNCHIMAGE_NAME = LaunchImage;
				CODE_SIGN_IDENTITY = "iPhone Developer";
				"CODE_SIGN_IDENTITY[sdk=iphoneos*]" = "iPhone Developer";
				GCC_PRECOMPILE_PREFIX_HEADER = YES;
				GCC_PREFIX_HEADER = "App/AUDL-Prefix.pch";
				HEADER_SEARCH_PATHS = (
					"$(inherited)",
					/Applications/Xcode.app/Contents/Developer/Toolchains/XcodeDefault.xctoolchain/usr/include,
					"../core-plot/framework/**",
				);
				INFOPLIST_FILE = "App/AUDL-Info.plist";
				OTHER_LDFLAGS = "-ObjC";
				PRODUCT_NAME = AUDL;
				PROVISIONING_PROFILE = "";
				WRAPPER_EXTENSION = app;
			};
			name = Release;
		};
		727ABDA218D257C1005B9ACC /* Debug */ = {
			isa = XCBuildConfiguration;
			buildSettings = {
				BUNDLE_LOADER = "$(BUILT_PRODUCTS_DIR)/AUDL.app/AUDL";
				FRAMEWORK_SEARCH_PATHS = (
					"$(SDKROOT)/Developer/Library/Frameworks",
					"$(inherited)",
					"$(DEVELOPER_FRAMEWORKS_DIR)",
				);
				GCC_PRECOMPILE_PREFIX_HEADER = YES;
				GCC_PREFIX_HEADER = "App/App-Prefix.pch";
				GCC_PREPROCESSOR_DEFINITIONS = (
					"DEBUG=1",
					"$(inherited)",
				);
				INFOPLIST_FILE = "AppTests/AUDLTests-Info.plist";
				PRODUCT_NAME = AUDLTests;
				TEST_HOST = "$(BUNDLE_LOADER)";
				WRAPPER_EXTENSION = xctest;
			};
			name = Debug;
		};
		727ABDA318D257C1005B9ACC /* Release */ = {
			isa = XCBuildConfiguration;
			buildSettings = {
				BUNDLE_LOADER = "$(BUILT_PRODUCTS_DIR)/AUDL.app/AUDL";
				FRAMEWORK_SEARCH_PATHS = (
					"$(SDKROOT)/Developer/Library/Frameworks",
					"$(inherited)",
					"$(DEVELOPER_FRAMEWORKS_DIR)",
				);
				GCC_PRECOMPILE_PREFIX_HEADER = YES;
				GCC_PREFIX_HEADER = "App/App-Prefix.pch";
				INFOPLIST_FILE = "AppTests/AUDLTests-Info.plist";
				PRODUCT_NAME = AUDLTests;
				TEST_HOST = "$(BUNDLE_LOADER)";
				WRAPPER_EXTENSION = xctest;
			};
			name = Release;
		};
/* End XCBuildConfiguration section */

/* Begin XCConfigurationList section */
		727ABD6718D257C1005B9ACC /* Build configuration list for PBXProject "AUDL" */ = {
			isa = XCConfigurationList;
			buildConfigurations = (
				727ABD9C18D257C1005B9ACC /* Debug */,
				727ABD9D18D257C1005B9ACC /* Release */,
			);
			defaultConfigurationIsVisible = 0;
			defaultConfigurationName = Release;
		};
		727ABD9E18D257C1005B9ACC /* Build configuration list for PBXNativeTarget "AUDL" */ = {
			isa = XCConfigurationList;
			buildConfigurations = (
				727ABD9F18D257C1005B9ACC /* Debug */,
				727ABDA018D257C1005B9ACC /* Release */,
			);
			defaultConfigurationIsVisible = 0;
			defaultConfigurationName = Release;
		};
		727ABDA118D257C1005B9ACC /* Build configuration list for PBXNativeTarget "AUDLTests" */ = {
			isa = XCConfigurationList;
			buildConfigurations = (
				727ABDA218D257C1005B9ACC /* Debug */,
				727ABDA318D257C1005B9ACC /* Release */,
			);
			defaultConfigurationIsVisible = 0;
			defaultConfigurationName = Release;
		};
/* End XCConfigurationList section */
	};
	rootObject = 727ABD6418D257C1005B9ACC /* Project object */;
}
